// !$*UTF8*$!
{
	archiveVersion = 1;
	classes = {
	};
	objectVersion = 50;
	objects = {

/* Begin PBXBuildFile section */
		FA4634CE20A5954B005CCDA8 /* AppDelegate.swift in Sources */ = {isa = PBXBuildFile; fileRef = FA4634CD20A5954B005CCDA8 /* AppDelegate.swift */; };
		FA4634D020A5954B005CCDA8 /* ViewController.swift in Sources */ = {isa = PBXBuildFile; fileRef = FA4634CF20A5954B005CCDA8 /* ViewController.swift */; };
		FA4634D320A5954B005CCDA8 /* Main.storyboard in Resources */ = {isa = PBXBuildFile; fileRef = FA4634D120A5954B005CCDA8 /* Main.storyboard */; };
		FA4634D520A5954C005CCDA8 /* Assets.xcassets in Resources */ = {isa = PBXBuildFile; fileRef = FA4634D420A5954C005CCDA8 /* Assets.xcassets */; };
		FA4634D820A5954C005CCDA8 /* LaunchScreen.storyboard in Resources */ = {isa = PBXBuildFile; fileRef = FA4634D620A5954C005CCDA8 /* LaunchScreen.storyboard */; };
		FA4634E320A5954C005CCDA8 /* Matematica_3Tests.swift in Sources */ = {isa = PBXBuildFile; fileRef = FA4634E220A5954C005CCDA8 /* Matematica_3Tests.swift */; };
		FA4634EE20A5954C005CCDA8 /* Matematica_3UITests.swift in Sources */ = {isa = PBXBuildFile; fileRef = FA4634ED20A5954C005CCDA8 /* Matematica_3UITests.swift */; };
/* End PBXBuildFile section */

/* Begin PBXContainerItemProxy section */
		FA4634DF20A5954C005CCDA8 /* PBXContainerItemProxy */ = {
			isa = PBXContainerItemProxy;
			containerPortal = FA4634C220A5954B005CCDA8 /* Project object */;
			proxyType = 1;
			remoteGlobalIDString = FA4634C920A5954B005CCDA8;
			remoteInfo = Matematica_3;
		};
		FA4634EA20A5954C005CCDA8 /* PBXContainerItemProxy */ = {
			isa = PBXContainerItemProxy;
			containerPortal = FA4634C220A5954B005CCDA8 /* Project object */;
			proxyType = 1;
			remoteGlobalIDString = FA4634C920A5954B005CCDA8;
			remoteInfo = Matematica_3;
		};
/* End PBXContainerItemProxy section */

/* Begin PBXFileReference section */
		FA4634CA20A5954B005CCDA8 /* Matematica_3.app */ = {isa = PBXFileReference; explicitFileType = wrapper.application; includeInIndex = 0; path = Matematica_3.app; sourceTree = BUILT_PRODUCTS_DIR; };
		FA4634CD20A5954B005CCDA8 /* AppDelegate.swift */ = {isa = PBXFileReference; lastKnownFileType = sourcecode.swift; path = AppDelegate.swift; sourceTree = "<group>"; };
		FA4634CF20A5954B005CCDA8 /* ViewController.swift */ = {isa = PBXFileReference; lastKnownFileType = sourcecode.swift; path = ViewController.swift; sourceTree = "<group>"; };
		FA4634D220A5954B005CCDA8 /* Base */ = {isa = PBXFileReference; lastKnownFileType = file.storyboard; name = Base; path = Base.lproj/Main.storyboard; sourceTree = "<group>"; };
		FA4634D420A5954C005CCDA8 /* Assets.xcassets */ = {isa = PBXFileReference; lastKnownFileType = folder.assetcatalog; path = Assets.xcassets; sourceTree = "<group>"; };
		FA4634D720A5954C005CCDA8 /* Base */ = {isa = PBXFileReference; lastKnownFileType = file.storyboard; name = Base; path = Base.lproj/LaunchScreen.storyboard; sourceTree = "<group>"; };
		FA4634D920A5954C005CCDA8 /* Info.plist */ = {isa = PBXFileReference; lastKnownFileType = text.plist.xml; path = Info.plist; sourceTree = "<group>"; };
		FA4634DE20A5954C005CCDA8 /* Matematica_3Tests.xctest */ = {isa = PBXFileReference; explicitFileType = wrapper.cfbundle; includeInIndex = 0; path = Matematica_3Tests.xctest; sourceTree = BUILT_PRODUCTS_DIR; };
		FA4634E220A5954C005CCDA8 /* Matematica_3Tests.swift */ = {isa = PBXFileReference; lastKnownFileType = sourcecode.swift; path = Matematica_3Tests.swift; sourceTree = "<group>"; };
		FA4634E420A5954C005CCDA8 /* Info.plist */ = {isa = PBXFileReference; lastKnownFileType = text.plist.xml; path = Info.plist; sourceTree = "<group>"; };
		FA4634E920A5954C005CCDA8 /* Matematica_3UITests.xctest */ = {isa = PBXFileReference; explicitFileType = wrapper.cfbundle; includeInIndex = 0; path = Matematica_3UITests.xctest; sourceTree = BUILT_PRODUCTS_DIR; };
		FA4634ED20A5954C005CCDA8 /* Matematica_3UITests.swift */ = {isa = PBXFileReference; lastKnownFileType = sourcecode.swift; path = Matematica_3UITests.swift; sourceTree = "<group>"; };
		FA4634EF20A5954C005CCDA8 /* Info.plist */ = {isa = PBXFileReference; lastKnownFileType = text.plist.xml; path = Info.plist; sourceTree = "<group>"; };
/* End PBXFileReference section */

/* Begin PBXFrameworksBuildPhase section */
		FA4634C720A5954B005CCDA8 /* Frameworks */ = {
			isa = PBXFrameworksBuildPhase;
			buildActionMask = 2147483647;
			files = (
			);
			runOnlyForDeploymentPostprocessing = 0;
		};
		FA4634DB20A5954C005CCDA8 /* Frameworks */ = {
			isa = PBXFrameworksBuildPhase;
			buildActionMask = 2147483647;
			files = (
			);
			runOnlyForDeploymentPostprocessing = 0;
		};
		FA4634E620A5954C005CCDA8 /* Frameworks */ = {
			isa = PBXFrameworksBuildPhase;
			buildActionMask = 2147483647;
			files = (
			);
			runOnlyForDeploymentPostprocessing = 0;
		};
/* End PBXFrameworksBuildPhase section */

/* Begin PBXGroup section */
		FA4634C120A5954B005CCDA8 = {
			isa = PBXGroup;
			children = (
				FA4634CC20A5954B005CCDA8 /* Matematica_3 */,
				FA4634E120A5954C005CCDA8 /* Matematica_3Tests */,
				FA4634EC20A5954C005CCDA8 /* Matematica_3UITests */,
				FA4634CB20A5954B005CCDA8 /* Products */,
			);
			sourceTree = "<group>";
		};
		FA4634CB20A5954B005CCDA8 /* Products */ = {
			isa = PBXGroup;
			children = (
				FA4634CA20A5954B005CCDA8 /* Matematica_3.app */,
				FA4634DE20A5954C005CCDA8 /* Matematica_3Tests.xctest */,
				FA4634E920A5954C005CCDA8 /* Matematica_3UITests.xctest */,
			);
			name = Products;
			sourceTree = "<group>";
		};
		FA4634CC20A5954B005CCDA8 /* Matematica_3 */ = {
			isa = PBXGroup;
			children = (
				FA46350420A59817005CCDA8 /* Immagini */,
				FA46350320A597C2005CCDA8 /* Bolzonella_Jose_Antonio_Iamarino_Calderon */,
				FA46350220A597A5005CCDA8 /* Barbiero_Basan */,
				FA46350120A596C7005CCDA8 /* Migali_Giacomello */,
				FA46350020A59679005CCDA8 /* Lazzarin_Baricchio */,
				FA4634FF20A59662005CCDA8 /* Mason_Casagrande */,
				FA4634FE20A5964F005CCDA8 /* Cladini_Marchioro */,
				FA4634FD20A5963B005CCDA8 /* Xia_Bonaldo */,
				FA4634FC20A59573005CCDA8 /* Bau_Stojkovich */,
				FA4634FB20A59562005CCDA8 /* Bugin_Pinton */,
				FA4634CF20A5954B005CCDA8 /* ViewController.swift */,
				FA4634CD20A5954B005CCDA8 /* AppDelegate.swift */,
				FA4634D120A5954B005CCDA8 /* Main.storyboard */,
				FA4634D420A5954C005CCDA8 /* Assets.xcassets */,
				FA4634D620A5954C005CCDA8 /* LaunchScreen.storyboard */,
				FA4634D920A5954C005CCDA8 /* Info.plist */,
			);
			path = Matematica_3;
			sourceTree = "<group>";
		};
		FA4634E120A5954C005CCDA8 /* Matematica_3Tests */ = {
			isa = PBXGroup;
			children = (
				FA4634E220A5954C005CCDA8 /* Matematica_3Tests.swift */,
				FA4634E420A5954C005CCDA8 /* Info.plist */,
			);
			path = Matematica_3Tests;
			sourceTree = "<group>";
		};
		FA4634EC20A5954C005CCDA8 /* Matematica_3UITests */ = {
			isa = PBXGroup;
			children = (
				FA4634ED20A5954C005CCDA8 /* Matematica_3UITests.swift */,
				FA4634EF20A5954C005CCDA8 /* Info.plist */,
			);
			path = Matematica_3UITests;
			sourceTree = "<group>";
		};
		FA4634FB20A59562005CCDA8 /* Bugin_Pinton */ = {
			isa = PBXGroup;
			children = (
			);
			path = Bugin_Pinton;
			sourceTree = "<group>";
		};
		FA4634FC20A59573005CCDA8 /* Bau_Stojkovich */ = {
			isa = PBXGroup;
			children = (
			);
			path = Bau_Stojkovich;
			sourceTree = "<group>";
		};
		FA4634FD20A5963B005CCDA8 /* Xia_Bonaldo */ = {
			isa = PBXGroup;
			children = (
			);
			path = Xia_Bonaldo;
			sourceTree = "<group>";
		};
		FA4634FE20A5964F005CCDA8 /* Cladini_Marchioro */ = {
			isa = PBXGroup;
			children = (
			);
			path = Cladini_Marchioro;
			sourceTree = "<group>";
		};
		FA4634FF20A59662005CCDA8 /* Mason_Casagrande */ = {
			isa = PBXGroup;
			children = (
			);
			path = Mason_Casagrande;
			sourceTree = "<group>";
		};
		FA46350020A59679005CCDA8 /* Lazzarin_Baricchio */ = {
			isa = PBXGroup;
			children = (
			);
			path = Lazzarin_Baricchio;
			sourceTree = "<group>";
		};
		FA46350120A596C7005CCDA8 /* Migali_Giacomello */ = {
			isa = PBXGroup;
			children = (
			);
			path = Migali_Giacomello;
			sourceTree = "<group>";
		};
		FA46350220A597A5005CCDA8 /* Barbiero_Basan */ = {
			isa = PBXGroup;
			children = (
			);
			path = Barbiero_Basan;
			sourceTree = "<group>";
		};
		FA46350320A597C2005CCDA8 /* Bolzonella_Jose_Antonio_Iamarino_Calderon */ = {
			isa = PBXGroup;
			children = (
			);
			path = Bolzonella_Jose_Antonio_Iamarino_Calderon;
			sourceTree = "<group>";
		};
		FA46350420A59817005CCDA8 /* Immagini */ = {
			isa = PBXGroup;
			children = (
			);
			path = Immagini;
			sourceTree = "<group>";
		};
/* End PBXGroup section */

/* Begin PBXNativeTarget section */
		FA4634C920A5954B005CCDA8 /* Matematica_3 */ = {
			isa = PBXNativeTarget;
			buildConfigurationList = FA4634F220A5954C005CCDA8 /* Build configuration list for PBXNativeTarget "Matematica_3" */;
			buildPhases = (
				FA4634C620A5954B005CCDA8 /* Sources */,
				FA4634C720A5954B005CCDA8 /* Frameworks */,
				FA4634C820A5954B005CCDA8 /* Resources */,
			);
			buildRules = (
			);
			dependencies = (
			);
			name = Matematica_3;
			productName = Matematica_3;
			productReference = FA4634CA20A5954B005CCDA8 /* Matematica_3.app */;
			productType = "com.apple.product-type.application";
		};
		FA4634DD20A5954C005CCDA8 /* Matematica_3Tests */ = {
			isa = PBXNativeTarget;
			buildConfigurationList = FA4634F520A5954C005CCDA8 /* Build configuration list for PBXNativeTarget "Matematica_3Tests" */;
			buildPhases = (
				FA4634DA20A5954C005CCDA8 /* Sources */,
				FA4634DB20A5954C005CCDA8 /* Frameworks */,
				FA4634DC20A5954C005CCDA8 /* Resources */,
			);
			buildRules = (
			);
			dependencies = (
				FA4634E020A5954C005CCDA8 /* PBXTargetDependency */,
			);
			name = Matematica_3Tests;
			productName = Matematica_3Tests;
			productReference = FA4634DE20A5954C005CCDA8 /* Matematica_3Tests.xctest */;
			productType = "com.apple.product-type.bundle.unit-test";
		};
		FA4634E820A5954C005CCDA8 /* Matematica_3UITests */ = {
			isa = PBXNativeTarget;
			buildConfigurationList = FA4634F820A5954C005CCDA8 /* Build configuration list for PBXNativeTarget "Matematica_3UITests" */;
			buildPhases = (
				FA4634E520A5954C005CCDA8 /* Sources */,
				FA4634E620A5954C005CCDA8 /* Frameworks */,
				FA4634E720A5954C005CCDA8 /* Resources */,
			);
			buildRules = (
			);
			dependencies = (
				FA4634EB20A5954C005CCDA8 /* PBXTargetDependency */,
			);
			name = Matematica_3UITests;
			productName = Matematica_3UITests;
			productReference = FA4634E920A5954C005CCDA8 /* Matematica_3UITests.xctest */;
			productType = "com.apple.product-type.bundle.ui-testing";
		};
/* End PBXNativeTarget section */

/* Begin PBXProject section */
		FA4634C220A5954B005CCDA8 /* Project object */ = {
			isa = PBXProject;
			attributes = {
				LastSwiftUpdateCheck = 0930;
				LastUpgradeCheck = 0930;
				ORGANIZATIONNAME = Class_4AI;
				TargetAttributes = {
					FA4634C920A5954B005CCDA8 = {
						CreatedOnToolsVersion = 9.3;
					};
					FA4634DD20A5954C005CCDA8 = {
						CreatedOnToolsVersion = 9.3;
						TestTargetID = FA4634C920A5954B005CCDA8;
					};
					FA4634E820A5954C005CCDA8 = {
						CreatedOnToolsVersion = 9.3;
						TestTargetID = FA4634C920A5954B005CCDA8;
					};
				};
			};
			buildConfigurationList = FA4634C520A5954B005CCDA8 /* Build configuration list for PBXProject "Matematica_3" */;
			compatibilityVersion = "Xcode 9.3";
			developmentRegion = en;
			hasScannedForEncodings = 0;
			knownRegions = (
				en,
				Base,
			);
			mainGroup = FA4634C120A5954B005CCDA8;
			productRefGroup = FA4634CB20A5954B005CCDA8 /* Products */;
			projectDirPath = "";
			projectRoot = "";
			targets = (
				FA4634C920A5954B005CCDA8 /* Matematica_3 */,
				FA4634DD20A5954C005CCDA8 /* Matematica_3Tests */,
				FA4634E820A5954C005CCDA8 /* Matematica_3UITests */,
			);
		};
/* End PBXProject section */

/* Begin PBXResourcesBuildPhase section */
		FA4634C820A5954B005CCDA8 /* Resources */ = {
			isa = PBXResourcesBuildPhase;
			buildActionMask = 2147483647;
			files = (
				FA4634D820A5954C005CCDA8 /* LaunchScreen.storyboard in Resources */,
				FA4634D520A5954C005CCDA8 /* Assets.xcassets in Resources */,
				FA4634D320A5954B005CCDA8 /* Main.storyboard in Resources */,
			);
			runOnlyForDeploymentPostprocessing = 0;
		};
		FA4634DC20A5954C005CCDA8 /* Resources */ = {
			isa = PBXResourcesBuildPhase;
			buildActionMask = 2147483647;
			files = (
			);
			runOnlyForDeploymentPostprocessing = 0;
		};
		FA4634E720A5954C005CCDA8 /* Resources */ = {
			isa = PBXResourcesBuildPhase;
			buildActionMask = 2147483647;
			files = (
			);
			runOnlyForDeploymentPostprocessing = 0;
		};
/* End PBXResourcesBuildPhase section */

/* Begin PBXSourcesBuildPhase section */
		FA4634C620A5954B005CCDA8 /* Sources */ = {
			isa = PBXSourcesBuildPhase;
			buildActionMask = 2147483647;
			files = (
				FA4634D020A5954B005CCDA8 /* ViewController.swift in Sources */,
				FA4634CE20A5954B005CCDA8 /* AppDelegate.swift in Sources */,
			);
			runOnlyForDeploymentPostprocessing = 0;
		};
		FA4634DA20A5954C005CCDA8 /* Sources */ = {
			isa = PBXSourcesBuildPhase;
			buildActionMask = 2147483647;
			files = (
				FA4634E320A5954C005CCDA8 /* Matematica_3Tests.swift in Sources */,
			);
			runOnlyForDeploymentPostprocessing = 0;
		};
		FA4634E520A5954C005CCDA8 /* Sources */ = {
			isa = PBXSourcesBuildPhase;
			buildActionMask = 2147483647;
			files = (
				FA4634EE20A5954C005CCDA8 /* Matematica_3UITests.swift in Sources */,
			);
			runOnlyForDeploymentPostprocessing = 0;
		};
/* End PBXSourcesBuildPhase section */

/* Begin PBXTargetDependency section */
		FA4634E020A5954C005CCDA8 /* PBXTargetDependency */ = {
			isa = PBXTargetDependency;
			target = FA4634C920A5954B005CCDA8 /* Matematica_3 */;
			targetProxy = FA4634DF20A5954C005CCDA8 /* PBXContainerItemProxy */;
		};
		FA4634EB20A5954C005CCDA8 /* PBXTargetDependency */ = {
			isa = PBXTargetDependency;
			target = FA4634C920A5954B005CCDA8 /* Matematica_3 */;
			targetProxy = FA4634EA20A5954C005CCDA8 /* PBXContainerItemProxy */;
		};
/* End PBXTargetDependency section */

/* Begin PBXVariantGroup section */
		FA4634D120A5954B005CCDA8 /* Main.storyboard */ = {
			isa = PBXVariantGroup;
			children = (
				FA4634D220A5954B005CCDA8 /* Base */,
			);
			name = Main.storyboard;
			sourceTree = "<group>";
		};
		FA4634D620A5954C005CCDA8 /* LaunchScreen.storyboard */ = {
			isa = PBXVariantGroup;
			children = (
				FA4634D720A5954C005CCDA8 /* Base */,
			);
			name = LaunchScreen.storyboard;
			sourceTree = "<group>";
		};
/* End PBXVariantGroup section */

/* Begin XCBuildConfiguration section */
		FA4634F020A5954C005CCDA8 /* Debug */ = {
			isa = XCBuildConfiguration;
			buildSettings = {
				ALWAYS_SEARCH_USER_PATHS = NO;
				CLANG_ANALYZER_NONNULL = YES;
				CLANG_ANALYZER_NUMBER_OBJECT_CONVERSION = YES_AGGRESSIVE;
				CLANG_CXX_LANGUAGE_STANDARD = "gnu++14";
				CLANG_CXX_LIBRARY = "libc++";
				CLANG_ENABLE_MODULES = YES;
				CLANG_ENABLE_OBJC_ARC = YES;
				CLANG_ENABLE_OBJC_WEAK = YES;
				CLANG_WARN_BLOCK_CAPTURE_AUTORELEASING = YES;
				CLANG_WARN_BOOL_CONVERSION = YES;
				CLANG_WARN_COMMA = YES;
				CLANG_WARN_CONSTANT_CONVERSION = YES;
				CLANG_WARN_DEPRECATED_OBJC_IMPLEMENTATIONS = YES;
				CLANG_WARN_DIRECT_OBJC_ISA_USAGE = YES_ERROR;
				CLANG_WARN_DOCUMENTATION_COMMENTS = YES;
				CLANG_WARN_EMPTY_BODY = YES;
				CLANG_WARN_ENUM_CONVERSION = YES;
				CLANG_WARN_INFINITE_RECURSION = YES;
				CLANG_WARN_INT_CONVERSION = YES;
				CLANG_WARN_NON_LITERAL_NULL_CONVERSION = YES;
				CLANG_WARN_OBJC_IMPLICIT_RETAIN_SELF = YES;
				CLANG_WARN_OBJC_LITERAL_CONVERSION = YES;
				CLANG_WARN_OBJC_ROOT_CLASS = YES_ERROR;
				CLANG_WARN_RANGE_LOOP_ANALYSIS = YES;
				CLANG_WARN_STRICT_PROTOTYPES = YES;
				CLANG_WARN_SUSPICIOUS_MOVE = YES;
				CLANG_WARN_UNGUARDED_AVAILABILITY = YES_AGGRESSIVE;
				CLANG_WARN_UNREACHABLE_CODE = YES;
				CLANG_WARN__DUPLICATE_METHOD_MATCH = YES;
				CODE_SIGN_IDENTITY = "iPhone Developer";
				COPY_PHASE_STRIP = NO;
				DEBUG_INFORMATION_FORMAT = dwarf;
				ENABLE_STRICT_OBJC_MSGSEND = YES;
				ENABLE_TESTABILITY = YES;
				GCC_C_LANGUAGE_STANDARD = gnu11;
				GCC_DYNAMIC_NO_PIC = NO;
				GCC_NO_COMMON_BLOCKS = YES;
				GCC_OPTIMIZATION_LEVEL = 0;
				GCC_PREPROCESSOR_DEFINITIONS = (
					"DEBUG=1",
					"$(inherited)",
				);
				GCC_WARN_64_TO_32_BIT_CONVERSION = YES;
				GCC_WARN_ABOUT_RETURN_TYPE = YES_ERROR;
				GCC_WARN_UNDECLARED_SELECTOR = YES;
				GCC_WARN_UNINITIALIZED_AUTOS = YES_AGGRESSIVE;
				GCC_WARN_UNUSED_FUNCTION = YES;
				GCC_WARN_UNUSED_VARIABLE = YES;
				IPHONEOS_DEPLOYMENT_TARGET = 11.3;
				MTL_ENABLE_DEBUG_INFO = YES;
				ONLY_ACTIVE_ARCH = YES;
				SDKROOT = iphoneos;
				SWIFT_ACTIVE_COMPILATION_CONDITIONS = DEBUG;
				SWIFT_OPTIMIZATION_LEVEL = "-Onone";
			};
			name = Debug;
		};
		FA4634F120A5954C005CCDA8 /* Release */ = {
			isa = XCBuildConfiguration;
			buildSettings = {
				ALWAYS_SEARCH_USER_PATHS = NO;
				CLANG_ANALYZER_NONNULL = YES;
				CLANG_ANALYZER_NUMBER_OBJECT_CONVERSION = YES_AGGRESSIVE;
				CLANG_CXX_LANGUAGE_STANDARD = "gnu++14";
				CLANG_CXX_LIBRARY = "libc++";
				CLANG_ENABLE_MODULES = YES;
				CLANG_ENABLE_OBJC_ARC = YES;
				CLANG_ENABLE_OBJC_WEAK = YES;
				CLANG_WARN_BLOCK_CAPTURE_AUTORELEASING = YES;
				CLANG_WARN_BOOL_CONVERSION = YES;
				CLANG_WARN_COMMA = YES;
				CLANG_WARN_CONSTANT_CONVERSION = YES;
				CLANG_WARN_DEPRECATED_OBJC_IMPLEMENTATIONS = YES;
				CLANG_WARN_DIRECT_OBJC_ISA_USAGE = YES_ERROR;
				CLANG_WARN_DOCUMENTATION_COMMENTS = YES;
				CLANG_WARN_EMPTY_BODY = YES;
				CLANG_WARN_ENUM_CONVERSION = YES;
				CLANG_WARN_INFINITE_RECURSION = YES;
				CLANG_WARN_INT_CONVERSION = YES;
				CLANG_WARN_NON_LITERAL_NULL_CONVERSION = YES;
				CLANG_WARN_OBJC_IMPLICIT_RETAIN_SELF = YES;
				CLANG_WARN_OBJC_LITERAL_CONVERSION = YES;
				CLANG_WARN_OBJC_ROOT_CLASS = YES_ERROR;
				CLANG_WARN_RANGE_LOOP_ANALYSIS = YES;
				CLANG_WARN_STRICT_PROTOTYPES = YES;
				CLANG_WARN_SUSPICIOUS_MOVE = YES;
				CLANG_WARN_UNGUARDED_AVAILABILITY = YES_AGGRESSIVE;
				CLANG_WARN_UNREACHABLE_CODE = YES;
				CLANG_WARN__DUPLICATE_METHOD_MATCH = YES;
				CODE_SIGN_IDENTITY = "iPhone Developer";
				COPY_PHASE_STRIP = NO;
				DEBUG_INFORMATION_FORMAT = "dwarf-with-dsym";
				ENABLE_NS_ASSERTIONS = NO;
				ENABLE_STRICT_OBJC_MSGSEND = YES;
				GCC_C_LANGUAGE_STANDARD = gnu11;
				GCC_NO_COMMON_BLOCKS = YES;
				GCC_WARN_64_TO_32_BIT_CONVERSION = YES;
				GCC_WARN_ABOUT_RETURN_TYPE = YES_ERROR;
				GCC_WARN_UNDECLARED_SELECTOR = YES;
				GCC_WARN_UNINITIALIZED_AUTOS = YES_AGGRESSIVE;
				GCC_WARN_UNUSED_FUNCTION = YES;
				GCC_WARN_UNUSED_VARIABLE = YES;
				IPHONEOS_DEPLOYMENT_TARGET = 11.3;
				MTL_ENABLE_DEBUG_INFO = NO;
				SDKROOT = iphoneos;
				SWIFT_COMPILATION_MODE = wholemodule;
				SWIFT_OPTIMIZATION_LEVEL = "-O";
				VALIDATE_PRODUCT = YES;
			};
			name = Release;
		};
		FA4634F320A5954C005CCDA8 /* Debug */ = {
			isa = XCBuildConfiguration;
			buildSettings = {
				ASSETCATALOG_COMPILER_APPICON_NAME = AppIcon;
				CODE_SIGN_STYLE = Automatic;
				INFOPLIST_FILE = Matematica_3/Info.plist;
				LD_RUNPATH_SEARCH_PATHS = (
					"$(inherited)",
					"@executable_path/Frameworks",
				);
				PRODUCT_BUNDLE_IDENTIFIER = "Classe.Matematica-3";
				PRODUCT_NAME = "$(TARGET_NAME)";
				SWIFT_VERSION = 4.0;
				TARGETED_DEVICE_FAMILY = "1,2";
			};
			name = Debug;
		};
		FA4634F420A5954C005CCDA8 /* Release */ = {
			isa = XCBuildConfiguration;
			buildSettings = {
				ASSETCATALOG_COMPILER_APPICON_NAME = AppIcon;
				CODE_SIGN_STYLE = Automatic;
				INFOPLIST_FILE = Matematica_3/Info.plist;
				LD_RUNPATH_SEARCH_PATHS = (
					"$(inherited)",
					"@executable_path/Frameworks",
				);
				PRODUCT_BUNDLE_IDENTIFIER = "Classe.Matematica-3";
				PRODUCT_NAME = "$(TARGET_NAME)";
				SWIFT_VERSION = 4.0;
				TARGETED_DEVICE_FAMILY = "1,2";
			};
			name = Release;
		};
		FA4634F620A5954C005CCDA8 /* Debug */ = {
			isa = XCBuildConfiguration;
			buildSettings = {
				ALWAYS_EMBED_SWIFT_STANDARD_LIBRARIES = YES;
				BUNDLE_LOADER = "$(TEST_HOST)";
				CODE_SIGN_STYLE = Automatic;
				INFOPLIST_FILE = Matematica_3Tests/Info.plist;
				LD_RUNPATH_SEARCH_PATHS = (
					"$(inherited)",
					"@executable_path/Frameworks",
					"@loader_path/Frameworks",
				);
				PRODUCT_BUNDLE_IDENTIFIER = "Classe.Matematica-3Tests";
				PRODUCT_NAME = "$(TARGET_NAME)";
				SWIFT_VERSION = 4.0;
				TARGETED_DEVICE_FAMILY = "1,2";
				TEST_HOST = "$(BUILT_PRODUCTS_DIR)/Matematica_3.app/Matematica_3";
			};
			name = Debug;
		};
		FA4634F720A5954C005CCDA8 /* Release */ = {
			isa = XCBuildConfiguration;
			buildSettings = {
				ALWAYS_EMBED_SWIFT_STANDARD_LIBRARIES = YES;
				BUNDLE_LOADER = "$(TEST_HOST)";
				CODE_SIGN_STYLE = Automatic;
				INFOPLIST_FILE = Matematica_3Tests/Info.plist;
				LD_RUNPATH_SEARCH_PATHS = (
					"$(inherited)",
					"@executable_path/Frameworks",
					"@loader_path/Frameworks",
				);
				PRODUCT_BUNDLE_IDENTIFIER = "Classe.Matematica-3Tests";
				PRODUCT_NAME = "$(TARGET_NAME)";
				SWIFT_VERSION = 4.0;
				TARGETED_DEVICE_FAMILY = "1,2";
				TEST_HOST = "$(BUILT_PRODUCTS_DIR)/Matematica_3.app/Matematica_3";
			};
			name = Release;
		};
		FA4634F920A5954C005CCDA8 /* Debug */ = {
			isa = XCBuildConfiguration;
			buildSettings = {
				ALWAYS_EMBED_SWIFT_STANDARD_LIBRARIES = YES;
				CODE_SIGN_STYLE = Automatic;
				INFOPLIST_FILE = Matematica_3UITests/Info.plist;
				LD_RUNPATH_SEARCH_PATHS = (
					"$(inherited)",
					"@executable_path/Frameworks",
					"@loader_path/Frameworks",
				);
				PRODUCT_BUNDLE_IDENTIFIER = "Classe.Matematica-3UITests";
				PRODUCT_NAME = "$(TARGET_NAME)";
				SWIFT_VERSION = 4.0;
				TARGETED_DEVICE_FAMILY = "1,2";
				TEST_TARGET_NAME = Matematica_3;
			};
			name = Debug;
		};
		FA4634FA20A5954C005CCDA8 /* Release */ = {
			isa = XCBuildConfiguration;
			buildSettings = {
				ALWAYS_EMBED_SWIFT_STANDARD_LIBRARIES = YES;
				CODE_SIGN_STYLE = Automatic;
				INFOPLIST_FILE = Matematica_3UITests/Info.plist;
				LD_RUNPATH_SEARCH_PATHS = (
					"$(inherited)",
					"@executable_path/Frameworks",
					"@loader_path/Frameworks",
				);
				PRODUCT_BUNDLE_IDENTIFIER = "Classe.Matematica-3UITests";
				PRODUCT_NAME = "$(TARGET_NAME)";
				SWIFT_VERSION = 4.0;
				TARGETED_DEVICE_FAMILY = "1,2";
				TEST_TARGET_NAME = Matematica_3;
			};
			name = Release;
		};
/* End XCBuildConfiguration section */

/* Begin XCConfigurationList section */
		FA4634C520A5954B005CCDA8 /* Build configuration list for PBXProject "Matematica_3" */ = {
			isa = XCConfigurationList;
			buildConfigurations = (
				FA4634F020A5954C005CCDA8 /* Debug */,
				FA4634F120A5954C005CCDA8 /* Release */,
			);
			defaultConfigurationIsVisible = 0;
			defaultConfigurationName = Release;
		};
		FA4634F220A5954C005CCDA8 /* Build configuration list for PBXNativeTarget "Matematica_3" */ = {
			isa = XCConfigurationList;
			buildConfigurations = (
				FA4634F320A5954C005CCDA8 /* Debug */,
				FA4634F420A5954C005CCDA8 /* Release */,
			);
			defaultConfigurationIsVisible = 0;
			defaultConfigurationName = Release;
		};
		FA4634F520A5954C005CCDA8 /* Build configuration list for PBXNativeTarget "Matematica_3Tests" */ = {
			isa = XCConfigurationList;
			buildConfigurations = (
				FA4634F620A5954C005CCDA8 /* Debug */,
				FA4634F720A5954C005CCDA8 /* Release */,
			);
			defaultConfigurationIsVisible = 0;
			defaultConfigurationName = Release;
		};
		FA4634F820A5954C005CCDA8 /* Build configuration list for PBXNativeTarget "Matematica_3UITests" */ = {
			isa = XCConfigurationList;
			buildConfigurations = (
				FA4634F920A5954C005CCDA8 /* Debug */,
				FA4634FA20A5954C005CCDA8 /* Release */,
			);
			defaultConfigurationIsVisible = 0;
			defaultConfigurationName = Release;
		};
/* End XCConfigurationList section */
	};
	rootObject = FA4634C220A5954B005CCDA8 /* Project object */;
}
