// !$*UTF8*$!
{
	archiveVersion = 1;
	classes = {
	};
	objectVersion = 50;
	objects = {

/* Begin PBXBuildFile section */
		D5975A0421BB0D9A0001E3AA /* Classes.swift in Sources */ = {isa = PBXBuildFile; fileRef = D5975A0321BB0D9A0001E3AA /* Classes.swift */; };
		D5F6C29B21A6A21F00F49C31 /* HelpViewController.swift in Sources */ = {isa = PBXBuildFile; fileRef = D5F6C29A21A6A21F00F49C31 /* HelpViewController.swift */; };
		D5F6C2A121A6C09300F49C31 /* Statistiche.swift in Sources */ = {isa = PBXBuildFile; fileRef = D5F6C2A021A6C09300F49C31 /* Statistiche.swift */; };
		DB63530021805AAD0037A356 /* Barbiero-Bazan-ViewController.swift in Sources */ = {isa = PBXBuildFile; fileRef = DB6352FF21805AAD0037A356 /* Barbiero-Bazan-ViewController.swift */; };
		DB63530221805AE40037A356 /* Barbiero-Bazan.storyboard in Resources */ = {isa = PBXBuildFile; fileRef = DB63530121805AE40037A356 /* Barbiero-Bazan.storyboard */; };
		DB7AB3FE219AD380002F81AD /* Assets.xcassets in Resources */ = {isa = PBXBuildFile; fileRef = DB7AB3FD219AD37F002F81AD /* Assets.xcassets */; };
		FAA9DBDF20A6CA57002B3F36 /* AppDelegate.swift in Sources */ = {isa = PBXBuildFile; fileRef = FAA9DBDE20A6CA57002B3F36 /* AppDelegate.swift */; };
		FAA9DBE920A6CA58002B3F36 /* LaunchScreen.storyboard in Resources */ = {isa = PBXBuildFile; fileRef = FAA9DBE720A6CA58002B3F36 /* LaunchScreen.storyboard */; };
/* End PBXBuildFile section */

/* Begin PBXFileReference section */
		D5975A0321BB0D9A0001E3AA /* Classes.swift */ = {isa = PBXFileReference; lastKnownFileType = sourcecode.swift; path = Classes.swift; sourceTree = "<group>"; };
		D5F6C29A21A6A21F00F49C31 /* HelpViewController.swift */ = {isa = PBXFileReference; fileEncoding = 4; lastKnownFileType = sourcecode.swift; path = HelpViewController.swift; sourceTree = "<group>"; };
		D5F6C2A021A6C09300F49C31 /* Statistiche.swift */ = {isa = PBXFileReference; lastKnownFileType = sourcecode.swift; path = Statistiche.swift; sourceTree = "<group>"; };
		DB6352FF21805AAD0037A356 /* Barbiero-Bazan-ViewController.swift */ = {isa = PBXFileReference; fileEncoding = 4; lastKnownFileType = sourcecode.swift; path = "Barbiero-Bazan-ViewController.swift"; sourceTree = "<group>"; };
		DB63530121805AE40037A356 /* Barbiero-Bazan.storyboard */ = {isa = PBXFileReference; fileEncoding = 4; lastKnownFileType = file.storyboard; path = "Barbiero-Bazan.storyboard"; sourceTree = "<group>"; };
		DB7AB3FD219AD37F002F81AD /* Assets.xcassets */ = {isa = PBXFileReference; lastKnownFileType = folder.assetcatalog; path = Assets.xcassets; sourceTree = "<group>"; };
		FAA9DBDB20A6CA57002B3F36 /* matematica_3.app */ = {isa = PBXFileReference; explicitFileType = wrapper.application; includeInIndex = 0; path = matematica_3.app; sourceTree = BUILT_PRODUCTS_DIR; };
		FAA9DBDE20A6CA57002B3F36 /* AppDelegate.swift */ = {isa = PBXFileReference; lastKnownFileType = sourcecode.swift; path = AppDelegate.swift; sourceTree = "<group>"; };
		FAA9DBE820A6CA58002B3F36 /* Base */ = {isa = PBXFileReference; lastKnownFileType = file.storyboard; name = Base; path = Base.lproj/LaunchScreen.storyboard; sourceTree = "<group>"; };
		FAA9DBEA20A6CA59002B3F36 /* Info.plist */ = {isa = PBXFileReference; lastKnownFileType = text.plist.xml; path = Info.plist; sourceTree = "<group>"; };
/* End PBXFileReference section */

/* Begin PBXFrameworksBuildPhase section */
		FAA9DBD820A6CA57002B3F36 /* Frameworks */ = {
			isa = PBXFrameworksBuildPhase;
			buildActionMask = 2147483647;
			files = (
			);
			runOnlyForDeploymentPostprocessing = 0;
		};
/* End PBXFrameworksBuildPhase section */

/* Begin PBXGroup section */
		D5F6C2A221A6C0A000F49C31 /* Statistiche */ = {
			isa = PBXGroup;
			children = (
				D5F6C2A021A6C09300F49C31 /* Statistiche.swift */,
			);
			path = Statistiche;
			sourceTree = "<group>";
		};
		FAA9DBD220A6CA57002B3F36 = {
			isa = PBXGroup;
			children = (
				D5F6C2A221A6C0A000F49C31 /* Statistiche */,
				FACF193A20AFFDE80083D028 /* Barbiero-Bazan */,
				FAA9DBDD20A6CA57002B3F36 /* matematica_3 */,
				FAA9DBDC20A6CA57002B3F36 /* Products */,
			);
			sourceTree = "<group>";
		};
		FAA9DBDC20A6CA57002B3F36 /* Products */ = {
			isa = PBXGroup;
			children = (
				FAA9DBDB20A6CA57002B3F36 /* matematica_3.app */,
			);
			name = Products;
			sourceTree = "<group>";
		};
		FAA9DBDD20A6CA57002B3F36 /* matematica_3 */ = {
			isa = PBXGroup;
			children = (
				FAA9DBDE20A6CA57002B3F36 /* AppDelegate.swift */,
				DB7AB3FD219AD37F002F81AD /* Assets.xcassets */,
				FAA9DBE720A6CA58002B3F36 /* LaunchScreen.storyboard */,
				FAA9DBEA20A6CA59002B3F36 /* Info.plist */,
			);
			path = matematica_3;
			sourceTree = "<group>";
		};
		FACF193A20AFFDE80083D028 /* Barbiero-Bazan */ = {
			isa = PBXGroup;
			children = (
				DB63530121805AE40037A356 /* Barbiero-Bazan.storyboard */,
				D5F6C29A21A6A21F00F49C31 /* HelpViewController.swift */,
				DB6352FF21805AAD0037A356 /* Barbiero-Bazan-ViewController.swift */,
				D5975A0321BB0D9A0001E3AA /* Classes.swift */,
			);
			path = "Barbiero-Bazan";
			sourceTree = "<group>";
		};
/* End PBXGroup section */

/* Begin PBXNativeTarget section */
		FAA9DBDA20A6CA57002B3F36 /* matematica_3 */ = {
			isa = PBXNativeTarget;
			buildConfigurationList = FAA9DC0320A6CA59002B3F36 /* Build configuration list for PBXNativeTarget "matematica_3" */;
			buildPhases = (
				FAA9DBD720A6CA57002B3F36 /* Sources */,
				FAA9DBD820A6CA57002B3F36 /* Frameworks */,
				FAA9DBD920A6CA57002B3F36 /* Resources */,
			);
			buildRules = (
			);
			dependencies = (
			);
			name = matematica_3;
			productName = matematica_3;
			productReference = FAA9DBDB20A6CA57002B3F36 /* matematica_3.app */;
			productType = "com.apple.product-type.application";
		};
/* End PBXNativeTarget section */

/* Begin PBXProject section */
		FAA9DBD320A6CA57002B3F36 /* Project object */ = {
			isa = PBXProject;
			attributes = {
				LastSwiftUpdateCheck = 0930;
				LastUpgradeCheck = 0930;
				ORGANIZATIONNAME = Class_4AI;
				TargetAttributes = {
					FAA9DBDA20A6CA57002B3F36 = {
						CreatedOnToolsVersion = 9.3;
						LastSwiftMigration = 1010;
					};
				};
			};
			buildConfigurationList = FAA9DBD620A6CA57002B3F36 /* Build configuration list for PBXProject "matematica_3" */;
			compatibilityVersion = "Xcode 9.3";
			developmentRegion = en;
			hasScannedForEncodings = 0;
			knownRegions = (
				en,
				Base,
			);
			mainGroup = FAA9DBD220A6CA57002B3F36;
			productRefGroup = FAA9DBDC20A6CA57002B3F36 /* Products */;
			projectDirPath = "";
			projectRoot = "";
			targets = (
				FAA9DBDA20A6CA57002B3F36 /* matematica_3 */,
			);
		};
/* End PBXProject section */

/* Begin PBXResourcesBuildPhase section */
		FAA9DBD920A6CA57002B3F36 /* Resources */ = {
			isa = PBXResourcesBuildPhase;
			buildActionMask = 2147483647;
			files = (
				DB63530221805AE40037A356 /* Barbiero-Bazan.storyboard in Resources */,
				FAA9DBE920A6CA58002B3F36 /* LaunchScreen.storyboard in Resources */,
				DB7AB3FE219AD380002F81AD /* Assets.xcassets in Resources */,
			);
			runOnlyForDeploymentPostprocessing = 0;
		};
/* End PBXResourcesBuildPhase section */

/* Begin PBXSourcesBuildPhase section */
		FAA9DBD720A6CA57002B3F36 /* Sources */ = {
			isa = PBXSourcesBuildPhase;
			buildActionMask = 2147483647;
			files = (
				DB63530021805AAD0037A356 /* Barbiero-Bazan-ViewController.swift in Sources */,
				D5F6C2A121A6C09300F49C31 /* Statistiche.swift in Sources */,
				FAA9DBDF20A6CA57002B3F36 /* AppDelegate.swift in Sources */,
				D5975A0421BB0D9A0001E3AA /* Classes.swift in Sources */,
				D5F6C29B21A6A21F00F49C31 /* HelpViewController.swift in Sources */,
			);
			runOnlyForDeploymentPostprocessing = 0;
		};
/* End PBXSourcesBuildPhase section */

/* Begin PBXVariantGroup section */
		FAA9DBE720A6CA58002B3F36 /* LaunchScreen.storyboard */ = {
			isa = PBXVariantGroup;
			children = (
				FAA9DBE820A6CA58002B3F36 /* Base */,
			);
			name = LaunchScreen.storyboard;
			sourceTree = "<group>";
		};
/* End PBXVariantGroup section */

/* Begin XCBuildConfiguration section */
		FAA9DC0120A6CA59002B3F36 /* Debug */ = {
			isa = XCBuildConfiguration;
			buildSettings = {
				ALWAYS_SEARCH_USER_PATHS = NO;
				CLANG_ANALYZER_NONNULL = YES;
				CLANG_ANALYZER_NUMBER_OBJECT_CONVERSION = YES_AGGRESSIVE;
				CLANG_CXX_LANGUAGE_STANDARD = "gnu++14";
				CLANG_CXX_LIBRARY = "libc++";
				CLANG_ENABLE_MODULES = YES;
				CLANG_ENABLE_OBJC_ARC = YES;
				CLANG_ENABLE_OBJC_WEAK = YES;
				CLANG_WARN_BLOCK_CAPTURE_AUTORELEASING = YES;
				CLANG_WARN_BOOL_CONVERSION = YES;
				CLANG_WARN_COMMA = YES;
				CLANG_WARN_CONSTANT_CONVERSION = YES;
				CLANG_WARN_DEPRECATED_OBJC_IMPLEMENTATIONS = YES;
				CLANG_WARN_DIRECT_OBJC_ISA_USAGE = YES_ERROR;
				CLANG_WARN_DOCUMENTATION_COMMENTS = YES;
				CLANG_WARN_EMPTY_BODY = YES;
				CLANG_WARN_ENUM_CONVERSION = YES;
				CLANG_WARN_INFINITE_RECURSION = YES;
				CLANG_WARN_INT_CONVERSION = YES;
				CLANG_WARN_NON_LITERAL_NULL_CONVERSION = YES;
				CLANG_WARN_OBJC_IMPLICIT_RETAIN_SELF = YES;
				CLANG_WARN_OBJC_LITERAL_CONVERSION = YES;
				CLANG_WARN_OBJC_ROOT_CLASS = YES_ERROR;
				CLANG_WARN_RANGE_LOOP_ANALYSIS = YES;
				CLANG_WARN_STRICT_PROTOTYPES = YES;
				CLANG_WARN_SUSPICIOUS_MOVE = YES;
				CLANG_WARN_UNGUARDED_AVAILABILITY = YES_AGGRESSIVE;
				CLANG_WARN_UNREACHABLE_CODE = YES;
				CLANG_WARN__DUPLICATE_METHOD_MATCH = YES;
				CODE_SIGN_IDENTITY = "iPhone Developer";
				COPY_PHASE_STRIP = NO;
				DEBUG_INFORMATION_FORMAT = dwarf;
				ENABLE_STRICT_OBJC_MSGSEND = YES;
				ENABLE_TESTABILITY = YES;
				GCC_C_LANGUAGE_STANDARD = gnu11;
				GCC_DYNAMIC_NO_PIC = NO;
				GCC_NO_COMMON_BLOCKS = YES;
				GCC_OPTIMIZATION_LEVEL = 0;
				GCC_PREPROCESSOR_DEFINITIONS = (
					"DEBUG=1",
					"$(inherited)",
				);
				GCC_WARN_64_TO_32_BIT_CONVERSION = YES;
				GCC_WARN_ABOUT_RETURN_TYPE = YES_ERROR;
				GCC_WARN_UNDECLARED_SELECTOR = YES;
				GCC_WARN_UNINITIALIZED_AUTOS = YES_AGGRESSIVE;
				GCC_WARN_UNUSED_FUNCTION = YES;
				GCC_WARN_UNUSED_VARIABLE = YES;
				IPHONEOS_DEPLOYMENT_TARGET = 12.1;
				MTL_ENABLE_DEBUG_INFO = YES;
				ONLY_ACTIVE_ARCH = YES;
				SDKROOT = iphoneos;
				SWIFT_ACTIVE_COMPILATION_CONDITIONS = DEBUG;
				SWIFT_OPTIMIZATION_LEVEL = "-Onone";
			};
			name = Debug;
		};
		FAA9DC0220A6CA59002B3F36 /* Release */ = {
			isa = XCBuildConfiguration;
			buildSettings = {
				ALWAYS_SEARCH_USER_PATHS = NO;
				CLANG_ANALYZER_NONNULL = YES;
				CLANG_ANALYZER_NUMBER_OBJECT_CONVERSION = YES_AGGRESSIVE;
				CLANG_CXX_LANGUAGE_STANDARD = "gnu++14";
				CLANG_CXX_LIBRARY = "libc++";
				CLANG_ENABLE_MODULES = YES;
				CLANG_ENABLE_OBJC_ARC = YES;
				CLANG_ENABLE_OBJC_WEAK = YES;
				CLANG_WARN_BLOCK_CAPTURE_AUTORELEASING = YES;
				CLANG_WARN_BOOL_CONVERSION = YES;
				CLANG_WARN_COMMA = YES;
				CLANG_WARN_CONSTANT_CONVERSION = YES;
				CLANG_WARN_DEPRECATED_OBJC_IMPLEMENTATIONS = YES;
				CLANG_WARN_DIRECT_OBJC_ISA_USAGE = YES_ERROR;
				CLANG_WARN_DOCUMENTATION_COMMENTS = YES;
				CLANG_WARN_EMPTY_BODY = YES;
				CLANG_WARN_ENUM_CONVERSION = YES;
				CLANG_WARN_INFINITE_RECURSION = YES;
				CLANG_WARN_INT_CONVERSION = YES;
				CLANG_WARN_NON_LITERAL_NULL_CONVERSION = YES;
				CLANG_WARN_OBJC_IMPLICIT_RETAIN_SELF = YES;
				CLANG_WARN_OBJC_LITERAL_CONVERSION = YES;
				CLANG_WARN_OBJC_ROOT_CLASS = YES_ERROR;
				CLANG_WARN_RANGE_LOOP_ANALYSIS = YES;
				CLANG_WARN_STRICT_PROTOTYPES = YES;
				CLANG_WARN_SUSPICIOUS_MOVE = YES;
				CLANG_WARN_UNGUARDED_AVAILABILITY = YES_AGGRESSIVE;
				CLANG_WARN_UNREACHABLE_CODE = YES;
				CLANG_WARN__DUPLICATE_METHOD_MATCH = YES;
				CODE_SIGN_IDENTITY = "iPhone Developer";
				COPY_PHASE_STRIP = NO;
				DEBUG_INFORMATION_FORMAT = "dwarf-with-dsym";
				ENABLE_NS_ASSERTIONS = NO;
				ENABLE_STRICT_OBJC_MSGSEND = YES;
				GCC_C_LANGUAGE_STANDARD = gnu11;
				GCC_NO_COMMON_BLOCKS = YES;
				GCC_WARN_64_TO_32_BIT_CONVERSION = YES;
				GCC_WARN_ABOUT_RETURN_TYPE = YES_ERROR;
				GCC_WARN_UNDECLARED_SELECTOR = YES;
				GCC_WARN_UNINITIALIZED_AUTOS = YES_AGGRESSIVE;
				GCC_WARN_UNUSED_FUNCTION = YES;
				GCC_WARN_UNUSED_VARIABLE = YES;
				IPHONEOS_DEPLOYMENT_TARGET = 12.1;
				MTL_ENABLE_DEBUG_INFO = NO;
				SDKROOT = iphoneos;
				SWIFT_COMPILATION_MODE = wholemodule;
				SWIFT_OPTIMIZATION_LEVEL = "-O";
				VALIDATE_PRODUCT = YES;
			};
			name = Release;
		};
		FAA9DC0420A6CA59002B3F36 /* Debug */ = {
			isa = XCBuildConfiguration;
			buildSettings = {
				ASSETCATALOG_COMPILER_APPICON_NAME = "AppIcon-1";
				CODE_SIGN_STYLE = Automatic;
				DEVELOPMENT_TEAM = "";
				INFOPLIST_FILE = matematica_3/Info.plist;
				IPHONEOS_DEPLOYMENT_TARGET = 12.1;
				LD_RUNPATH_SEARCH_PATHS = (
					"$(inherited)",
					"@executable_path/Frameworks",
				);
				PRODUCT_BUNDLE_IDENTIFIER = "calsse-4AI.matematica-3";
				PRODUCT_NAME = "$(TARGET_NAME)";
				SWIFT_VERSION = 4.2;
				TARGETED_DEVICE_FAMILY = 2;
			};
			name = Debug;
		};
		FAA9DC0520A6CA59002B3F36 /* Release */ = {
			isa = XCBuildConfiguration;
			buildSettings = {
				ASSETCATALOG_COMPILER_APPICON_NAME = "AppIcon-1";
				CODE_SIGN_STYLE = Automatic;
				DEVELOPMENT_TEAM = "";
				INFOPLIST_FILE = matematica_3/Info.plist;
				IPHONEOS_DEPLOYMENT_TARGET = 12.1;
				LD_RUNPATH_SEARCH_PATHS = (
					"$(inherited)",
					"@executable_path/Frameworks",
				);
				PRODUCT_BUNDLE_IDENTIFIER = "calsse-4AI.matematica-3";
				PRODUCT_NAME = "$(TARGET_NAME)";
				SWIFT_VERSION = 4.2;
				TARGETED_DEVICE_FAMILY = 2;
			};
			name = Release;
		};
/* End XCBuildConfiguration section */

/* Begin XCConfigurationList section */
		FAA9DBD620A6CA57002B3F36 /* Build configuration list for PBXProject "matematica_3" */ = {
			isa = XCConfigurationList;
			buildConfigurations = (
				FAA9DC0120A6CA59002B3F36 /* Debug */,
				FAA9DC0220A6CA59002B3F36 /* Release */,
			);
			defaultConfigurationIsVisible = 0;
			defaultConfigurationName = Release;
		};
		FAA9DC0320A6CA59002B3F36 /* Build configuration list for PBXNativeTarget "matematica_3" */ = {
			isa = XCConfigurationList;
			buildConfigurations = (
				FAA9DC0420A6CA59002B3F36 /* Debug */,
				FAA9DC0520A6CA59002B3F36 /* Release */,
			);
			defaultConfigurationIsVisible = 0;
			defaultConfigurationName = Release;
		};
/* End XCConfigurationList section */
	};
	rootObject = FAA9DBD320A6CA57002B3F36 /* Project object */;
}
