// !$*UTF8*$!
{
	archiveVersion = 1;
	classes = {
	};
	objectVersion = 50;
	objects = {

/* Begin PBXBuildFile section */
		DD3CE5712170C9F50038F7D8 /* Stella.png in Resources */ = {isa = PBXBuildFile; fileRef = DD3CE5702170C9F40038F7D8 /* Stella.png */; };
		DD425C262170C36A003517B2 /* Risorsa 29.png in Resources */ = {isa = PBXBuildFile; fileRef = DD425C252170C369003517B2 /* Risorsa 29.png */; };
		DD425C2A2170C3B3003517B2 /* Risorsa 32.png in Resources */ = {isa = PBXBuildFile; fileRef = DD425C272170C3B0003517B2 /* Risorsa 32.png */; };
		DD425C2B2170C3B3003517B2 /* Risorsa 30.png in Resources */ = {isa = PBXBuildFile; fileRef = DD425C282170C3B1003517B2 /* Risorsa 30.png */; };
		DD425C2C2170C3B3003517B2 /* Risorsa 31.png in Resources */ = {isa = PBXBuildFile; fileRef = DD425C292170C3B2003517B2 /* Risorsa 31.png */; };
		DD52B2B52170F267006F37B3 /* Risorsa 88.png in Resources */ = {isa = PBXBuildFile; fileRef = DD52B2B42170F265006F37B3 /* Risorsa 88.png */; };
		DD5C56442170B5B000EA3648 /* prova.png in Resources */ = {isa = PBXBuildFile; fileRef = DD5C56432170B5B000EA3648 /* prova.png */; };
		FAA9DBDF20A6CA57002B3F36 /* AppDelegate.swift in Sources */ = {isa = PBXBuildFile; fileRef = FAA9DBDE20A6CA57002B3F36 /* AppDelegate.swift */; };
		FAA9DBE120A6CA57002B3F36 /* ViewController.swift in Sources */ = {isa = PBXBuildFile; fileRef = FAA9DBE020A6CA57002B3F36 /* ViewController.swift */; };
		FAA9DBE420A6CA57002B3F36 /* Main.storyboard in Resources */ = {isa = PBXBuildFile; fileRef = FAA9DBE220A6CA57002B3F36 /* Main.storyboard */; };
		FAA9DBE620A6CA58002B3F36 /* Assets.xcassets in Resources */ = {isa = PBXBuildFile; fileRef = FAA9DBE520A6CA58002B3F36 /* Assets.xcassets */; };
		FAA9DBE920A6CA58002B3F36 /* LaunchScreen.storyboard in Resources */ = {isa = PBXBuildFile; fileRef = FAA9DBE720A6CA58002B3F36 /* LaunchScreen.storyboard */; };
		FAA9DBF420A6CA59002B3F36 /* matematica_3Tests.swift in Sources */ = {isa = PBXBuildFile; fileRef = FAA9DBF320A6CA59002B3F36 /* matematica_3Tests.swift */; };
		FAA9DBFF20A6CA59002B3F36 /* matematica_3UITests.swift in Sources */ = {isa = PBXBuildFile; fileRef = FAA9DBFE20A6CA59002B3F36 /* matematica_3UITests.swift */; };
		FACF194220AFFE5A0083D028 /* Mason-Casagrande_Controller.swift in Sources */ = {isa = PBXBuildFile; fileRef = FACF194120AFFE5A0083D028 /* Mason-Casagrande_Controller.swift */; };
		FACF195220AFFF3D0083D028 /* Mason-Casagrande.storyboard in Resources */ = {isa = PBXBuildFile; fileRef = FACF195020AFFF3D0083D028 /* Mason-Casagrande.storyboard */; };
/* End PBXBuildFile section */

/* Begin PBXContainerItemProxy section */
		FAA9DBF020A6CA59002B3F36 /* PBXContainerItemProxy */ = {
			isa = PBXContainerItemProxy;
			containerPortal = FAA9DBD320A6CA57002B3F36 /* Project object */;
			proxyType = 1;
			remoteGlobalIDString = FAA9DBDA20A6CA57002B3F36;
			remoteInfo = matematica_3;
		};
		FAA9DBFB20A6CA59002B3F36 /* PBXContainerItemProxy */ = {
			isa = PBXContainerItemProxy;
			containerPortal = FAA9DBD320A6CA57002B3F36 /* Project object */;
			proxyType = 1;
			remoteGlobalIDString = FAA9DBDA20A6CA57002B3F36;
			remoteInfo = matematica_3;
		};
/* End PBXContainerItemProxy section */

/* Begin PBXFileReference section */
		DD3CE5702170C9F40038F7D8 /* Stella.png */ = {isa = PBXFileReference; lastKnownFileType = image.png; path = Stella.png; sourceTree = "<group>"; };
		DD425C252170C369003517B2 /* Risorsa 29.png */ = {isa = PBXFileReference; lastKnownFileType = image.png; path = "Risorsa 29.png"; sourceTree = "<group>"; };
		DD425C272170C3B0003517B2 /* Risorsa 32.png */ = {isa = PBXFileReference; lastKnownFileType = image.png; path = "Risorsa 32.png"; sourceTree = "<group>"; };
		DD425C282170C3B1003517B2 /* Risorsa 30.png */ = {isa = PBXFileReference; lastKnownFileType = image.png; path = "Risorsa 30.png"; sourceTree = "<group>"; };
		DD425C292170C3B2003517B2 /* Risorsa 31.png */ = {isa = PBXFileReference; lastKnownFileType = image.png; path = "Risorsa 31.png"; sourceTree = "<group>"; };
		DD52B2B42170F265006F37B3 /* Risorsa 88.png */ = {isa = PBXFileReference; lastKnownFileType = image.png; path = "Risorsa 88.png"; sourceTree = "<group>"; };
		DD5C56432170B5B000EA3648 /* prova.png */ = {isa = PBXFileReference; lastKnownFileType = image.png; path = prova.png; sourceTree = "<group>"; };
		FAA9DBDB20A6CA57002B3F36 /* matematica_3.app */ = {isa = PBXFileReference; explicitFileType = wrapper.application; includeInIndex = 0; path = matematica_3.app; sourceTree = BUILT_PRODUCTS_DIR; };
		FAA9DBDE20A6CA57002B3F36 /* AppDelegate.swift */ = {isa = PBXFileReference; lastKnownFileType = sourcecode.swift; path = AppDelegate.swift; sourceTree = "<group>"; };
		FAA9DBE020A6CA57002B3F36 /* ViewController.swift */ = {isa = PBXFileReference; lastKnownFileType = sourcecode.swift; path = ViewController.swift; sourceTree = "<group>"; };
		FAA9DBE320A6CA57002B3F36 /* Base */ = {isa = PBXFileReference; lastKnownFileType = file.storyboard; name = Base; path = Base.lproj/Main.storyboard; sourceTree = "<group>"; };
		FAA9DBE520A6CA58002B3F36 /* Assets.xcassets */ = {isa = PBXFileReference; lastKnownFileType = folder.assetcatalog; path = Assets.xcassets; sourceTree = "<group>"; };
		FAA9DBE820A6CA58002B3F36 /* Base */ = {isa = PBXFileReference; lastKnownFileType = file.storyboard; name = Base; path = Base.lproj/LaunchScreen.storyboard; sourceTree = "<group>"; };
		FAA9DBEA20A6CA59002B3F36 /* Info.plist */ = {isa = PBXFileReference; lastKnownFileType = text.plist.xml; path = Info.plist; sourceTree = "<group>"; };
		FAA9DBEF20A6CA59002B3F36 /* matematica_3Tests.xctest */ = {isa = PBXFileReference; explicitFileType = wrapper.cfbundle; includeInIndex = 0; path = matematica_3Tests.xctest; sourceTree = BUILT_PRODUCTS_DIR; };
		FAA9DBF320A6CA59002B3F36 /* matematica_3Tests.swift */ = {isa = PBXFileReference; lastKnownFileType = sourcecode.swift; path = matematica_3Tests.swift; sourceTree = "<group>"; };
		FAA9DBF520A6CA59002B3F36 /* Info.plist */ = {isa = PBXFileReference; lastKnownFileType = text.plist.xml; path = Info.plist; sourceTree = "<group>"; };
		FAA9DBFA20A6CA59002B3F36 /* matematica_3UITests.xctest */ = {isa = PBXFileReference; explicitFileType = wrapper.cfbundle; includeInIndex = 0; path = matematica_3UITests.xctest; sourceTree = BUILT_PRODUCTS_DIR; };
		FAA9DBFE20A6CA59002B3F36 /* matematica_3UITests.swift */ = {isa = PBXFileReference; lastKnownFileType = sourcecode.swift; path = matematica_3UITests.swift; sourceTree = "<group>"; };
		FAA9DC0020A6CA59002B3F36 /* Info.plist */ = {isa = PBXFileReference; lastKnownFileType = text.plist.xml; path = Info.plist; sourceTree = "<group>"; };
		FACF194120AFFE5A0083D028 /* Mason-Casagrande_Controller.swift */ = {isa = PBXFileReference; lastKnownFileType = sourcecode.swift; path = "Mason-Casagrande_Controller.swift"; sourceTree = "<group>"; };
		FACF195120AFFF3D0083D028 /* Base */ = {isa = PBXFileReference; lastKnownFileType = file.storyboard; name = Base; path = "matematica_3/Base.lproj/Mason-Casagrande.storyboard"; sourceTree = "<group>"; };
/* End PBXFileReference section */

/* Begin PBXFrameworksBuildPhase section */
		FAA9DBD820A6CA57002B3F36 /* Frameworks */ = {
			isa = PBXFrameworksBuildPhase;
			buildActionMask = 2147483647;
			files = (
			);
			runOnlyForDeploymentPostprocessing = 0;
		};
		FAA9DBEC20A6CA59002B3F36 /* Frameworks */ = {
			isa = PBXFrameworksBuildPhase;
			buildActionMask = 2147483647;
			files = (
			);
			runOnlyForDeploymentPostprocessing = 0;
		};
		FAA9DBF720A6CA59002B3F36 /* Frameworks */ = {
			isa = PBXFrameworksBuildPhase;
			buildActionMask = 2147483647;
			files = (
			);
			runOnlyForDeploymentPostprocessing = 0;
		};
/* End PBXFrameworksBuildPhase section */

/* Begin PBXGroup section */
		FAA9DBD220A6CA57002B3F36 = {
			isa = PBXGroup;
			children = (
				FACF193720AFFD880083D028 /* Mason-Casagrande */,
				FAA9DBDD20A6CA57002B3F36 /* matematica_3 */,
				FAA9DBF220A6CA59002B3F36 /* matematica_3Tests */,
				FAA9DBFD20A6CA59002B3F36 /* matematica_3UITests */,
				FAA9DBDC20A6CA57002B3F36 /* Products */,
			);
			sourceTree = "<group>";
		};
		FAA9DBDC20A6CA57002B3F36 /* Products */ = {
			isa = PBXGroup;
			children = (
				FAA9DBDB20A6CA57002B3F36 /* matematica_3.app */,
				FAA9DBEF20A6CA59002B3F36 /* matematica_3Tests.xctest */,
				FAA9DBFA20A6CA59002B3F36 /* matematica_3UITests.xctest */,
			);
			name = Products;
			sourceTree = "<group>";
		};
		FAA9DBDD20A6CA57002B3F36 /* matematica_3 */ = {
			isa = PBXGroup;
			children = (
				FAA9DBDE20A6CA57002B3F36 /* AppDelegate.swift */,
				FAA9DBE020A6CA57002B3F36 /* ViewController.swift */,
				FAA9DBE220A6CA57002B3F36 /* Main.storyboard */,
				FAA9DBE520A6CA58002B3F36 /* Assets.xcassets */,
				FAA9DBE720A6CA58002B3F36 /* LaunchScreen.storyboard */,
				FAA9DBEA20A6CA59002B3F36 /* Info.plist */,
			);
			path = matematica_3;
			sourceTree = "<group>";
		};
		FAA9DBF220A6CA59002B3F36 /* matematica_3Tests */ = {
			isa = PBXGroup;
			children = (
				FAA9DBF320A6CA59002B3F36 /* matematica_3Tests.swift */,
				FAA9DBF520A6CA59002B3F36 /* Info.plist */,
			);
			path = matematica_3Tests;
			sourceTree = "<group>";
		};
		FAA9DBFD20A6CA59002B3F36 /* matematica_3UITests */ = {
			isa = PBXGroup;
			children = (
				FAA9DBFE20A6CA59002B3F36 /* matematica_3UITests.swift */,
				FAA9DC0020A6CA59002B3F36 /* Info.plist */,
			);
			path = matematica_3UITests;
			sourceTree = "<group>";
		};
		FACF193720AFFD880083D028 /* Mason-Casagrande */ = {
			isa = PBXGroup;
			children = (
				DD3CE5702170C9F40038F7D8 /* Stella.png */,
				DD5C56432170B5B000EA3648 /* prova.png */,
				DD425C252170C369003517B2 /* Risorsa 29.png */,
				DD425C282170C3B1003517B2 /* Risorsa 30.png */,
				DD425C292170C3B2003517B2 /* Risorsa 31.png */,
				DD425C272170C3B0003517B2 /* Risorsa 32.png */,
				DD52B2B42170F265006F37B3 /* Risorsa 88.png */,
				FACF195020AFFF3D0083D028 /* Mason-Casagrande.storyboard */,
				FACF194120AFFE5A0083D028 /* Mason-Casagrande_Controller.swift */,
			);
			path = "Mason-Casagrande";
			sourceTree = "<group>";
		};
/* End PBXGroup section */

/* Begin PBXNativeTarget section */
		FAA9DBDA20A6CA57002B3F36 /* matematica_3 */ = {
			isa = PBXNativeTarget;
			buildConfigurationList = FAA9DC0320A6CA59002B3F36 /* Build configuration list for PBXNativeTarget "matematica_3" */;
			buildPhases = (
				FAA9DBD720A6CA57002B3F36 /* Sources */,
				FAA9DBD820A6CA57002B3F36 /* Frameworks */,
				FAA9DBD920A6CA57002B3F36 /* Resources */,
			);
			buildRules = (
			);
			dependencies = (
			);
			name = matematica_3;
			productName = matematica_3;
			productReference = FAA9DBDB20A6CA57002B3F36 /* matematica_3.app */;
			productType = "com.apple.product-type.application";
		};
		FAA9DBEE20A6CA59002B3F36 /* matematica_3Tests */ = {
			isa = PBXNativeTarget;
			buildConfigurationList = FAA9DC0620A6CA59002B3F36 /* Build configuration list for PBXNativeTarget "matematica_3Tests" */;
			buildPhases = (
				FAA9DBEB20A6CA59002B3F36 /* Sources */,
				FAA9DBEC20A6CA59002B3F36 /* Frameworks */,
				FAA9DBED20A6CA59002B3F36 /* Resources */,
			);
			buildRules = (
			);
			dependencies = (
				FAA9DBF120A6CA59002B3F36 /* PBXTargetDependency */,
			);
			name = matematica_3Tests;
			productName = matematica_3Tests;
			productReference = FAA9DBEF20A6CA59002B3F36 /* matematica_3Tests.xctest */;
			productType = "com.apple.product-type.bundle.unit-test";
		};
		FAA9DBF920A6CA59002B3F36 /* matematica_3UITests */ = {
			isa = PBXNativeTarget;
			buildConfigurationList = FAA9DC0920A6CA59002B3F36 /* Build configuration list for PBXNativeTarget "matematica_3UITests" */;
			buildPhases = (
				FAA9DBF620A6CA59002B3F36 /* Sources */,
				FAA9DBF720A6CA59002B3F36 /* Frameworks */,
				FAA9DBF820A6CA59002B3F36 /* Resources */,
			);
			buildRules = (
			);
			dependencies = (
				FAA9DBFC20A6CA59002B3F36 /* PBXTargetDependency */,
			);
			name = matematica_3UITests;
			productName = matematica_3UITests;
			productReference = FAA9DBFA20A6CA59002B3F36 /* matematica_3UITests.xctest */;
			productType = "com.apple.product-type.bundle.ui-testing";
		};
/* End PBXNativeTarget section */

/* Begin PBXProject section */
		FAA9DBD320A6CA57002B3F36 /* Project object */ = {
			isa = PBXProject;
			attributes = {
				LastSwiftUpdateCheck = 0930;
				LastUpgradeCheck = 0930;
				ORGANIZATIONNAME = Class_4AI;
				TargetAttributes = {
					FAA9DBDA20A6CA57002B3F36 = {
						CreatedOnToolsVersion = 9.3;
					};
					FAA9DBEE20A6CA59002B3F36 = {
						CreatedOnToolsVersion = 9.3;
						TestTargetID = FAA9DBDA20A6CA57002B3F36;
					};
					FAA9DBF920A6CA59002B3F36 = {
						CreatedOnToolsVersion = 9.3;
						TestTargetID = FAA9DBDA20A6CA57002B3F36;
					};
				};
			};
			buildConfigurationList = FAA9DBD620A6CA57002B3F36 /* Build configuration list for PBXProject "matematica_3" */;
			compatibilityVersion = "Xcode 9.3";
			developmentRegion = en;
			hasScannedForEncodings = 0;
			knownRegions = (
				en,
				Base,
			);
			mainGroup = FAA9DBD220A6CA57002B3F36;
			productRefGroup = FAA9DBDC20A6CA57002B3F36 /* Products */;
			projectDirPath = "";
			projectRoot = "";
			targets = (
				FAA9DBDA20A6CA57002B3F36 /* matematica_3 */,
				FAA9DBEE20A6CA59002B3F36 /* matematica_3Tests */,
				FAA9DBF920A6CA59002B3F36 /* matematica_3UITests */,
			);
		};
/* End PBXProject section */

/* Begin PBXResourcesBuildPhase section */
		FAA9DBD920A6CA57002B3F36 /* Resources */ = {
			isa = PBXResourcesBuildPhase;
			buildActionMask = 2147483647;
			files = (
				FACF195220AFFF3D0083D028 /* Mason-Casagrande.storyboard in Resources */,
				DD5C56442170B5B000EA3648 /* prova.png in Resources */,
				DD3CE5712170C9F50038F7D8 /* Stella.png in Resources */,
				FAA9DBE920A6CA58002B3F36 /* LaunchScreen.storyboard in Resources */,
				FAA9DBE620A6CA58002B3F36 /* Assets.xcassets in Resources */,
				DD425C2C2170C3B3003517B2 /* Risorsa 31.png in Resources */,
				FAA9DBE420A6CA57002B3F36 /* Main.storyboard in Resources */,
				DD52B2B52170F267006F37B3 /* Risorsa 88.png in Resources */,
				DD425C262170C36A003517B2 /* Risorsa 29.png in Resources */,
				DD425C2A2170C3B3003517B2 /* Risorsa 32.png in Resources */,
				DD425C2B2170C3B3003517B2 /* Risorsa 30.png in Resources */,
			);
			runOnlyForDeploymentPostprocessing = 0;
		};
		FAA9DBED20A6CA59002B3F36 /* Resources */ = {
			isa = PBXResourcesBuildPhase;
			buildActionMask = 2147483647;
			files = (
			);
			runOnlyForDeploymentPostprocessing = 0;
		};
		FAA9DBF820A6CA59002B3F36 /* Resources */ = {
			isa = PBXResourcesBuildPhase;
			buildActionMask = 2147483647;
			files = (
			);
			runOnlyForDeploymentPostprocessing = 0;
		};
/* End PBXResourcesBuildPhase section */

/* Begin PBXSourcesBuildPhase section */
		FAA9DBD720A6CA57002B3F36 /* Sources */ = {
			isa = PBXSourcesBuildPhase;
			buildActionMask = 2147483647;
			files = (
				FACF194220AFFE5A0083D028 /* Mason-Casagrande_Controller.swift in Sources */,
				FAA9DBE120A6CA57002B3F36 /* ViewController.swift in Sources */,
				FAA9DBDF20A6CA57002B3F36 /* AppDelegate.swift in Sources */,
			);
			runOnlyForDeploymentPostprocessing = 0;
		};
		FAA9DBEB20A6CA59002B3F36 /* Sources */ = {
			isa = PBXSourcesBuildPhase;
			buildActionMask = 2147483647;
			files = (
				FAA9DBF420A6CA59002B3F36 /* matematica_3Tests.swift in Sources */,
			);
			runOnlyForDeploymentPostprocessing = 0;
		};
		FAA9DBF620A6CA59002B3F36 /* Sources */ = {
			isa = PBXSourcesBuildPhase;
			buildActionMask = 2147483647;
			files = (
				FAA9DBFF20A6CA59002B3F36 /* matematica_3UITests.swift in Sources */,
			);
			runOnlyForDeploymentPostprocessing = 0;
		};
/* End PBXSourcesBuildPhase section */

/* Begin PBXTargetDependency section */
		FAA9DBF120A6CA59002B3F36 /* PBXTargetDependency */ = {
			isa = PBXTargetDependency;
			target = FAA9DBDA20A6CA57002B3F36 /* matematica_3 */;
			targetProxy = FAA9DBF020A6CA59002B3F36 /* PBXContainerItemProxy */;
		};
		FAA9DBFC20A6CA59002B3F36 /* PBXTargetDependency */ = {
			isa = PBXTargetDependency;
			target = FAA9DBDA20A6CA57002B3F36 /* matematica_3 */;
			targetProxy = FAA9DBFB20A6CA59002B3F36 /* PBXContainerItemProxy */;
		};
/* End PBXTargetDependency section */

/* Begin PBXVariantGroup section */
		FAA9DBE220A6CA57002B3F36 /* Main.storyboard */ = {
			isa = PBXVariantGroup;
			children = (
				FAA9DBE320A6CA57002B3F36 /* Base */,
			);
			name = Main.storyboard;
			sourceTree = "<group>";
		};
		FAA9DBE720A6CA58002B3F36 /* LaunchScreen.storyboard */ = {
			isa = PBXVariantGroup;
			children = (
				FAA9DBE820A6CA58002B3F36 /* Base */,
			);
			name = LaunchScreen.storyboard;
			sourceTree = "<group>";
		};
		FACF195020AFFF3D0083D028 /* Mason-Casagrande.storyboard */ = {
			isa = PBXVariantGroup;
			children = (
				FACF195120AFFF3D0083D028 /* Base */,
			);
			name = "Mason-Casagrande.storyboard";
			sourceTree = "<group>";
		};
/* End PBXVariantGroup section */

/* Begin XCBuildConfiguration section */
		FAA9DC0120A6CA59002B3F36 /* Debug */ = {
			isa = XCBuildConfiguration;
			buildSettings = {
				ALWAYS_SEARCH_USER_PATHS = NO;
				CLANG_ANALYZER_NONNULL = YES;
				CLANG_ANALYZER_NUMBER_OBJECT_CONVERSION = YES_AGGRESSIVE;
				CLANG_CXX_LANGUAGE_STANDARD = "gnu++14";
				CLANG_CXX_LIBRARY = "libc++";
				CLANG_ENABLE_MODULES = YES;
				CLANG_ENABLE_OBJC_ARC = YES;
				CLANG_ENABLE_OBJC_WEAK = YES;
				CLANG_WARN_BLOCK_CAPTURE_AUTORELEASING = YES;
				CLANG_WARN_BOOL_CONVERSION = YES;
				CLANG_WARN_COMMA = YES;
				CLANG_WARN_CONSTANT_CONVERSION = YES;
				CLANG_WARN_DEPRECATED_OBJC_IMPLEMENTATIONS = YES;
				CLANG_WARN_DIRECT_OBJC_ISA_USAGE = YES_ERROR;
				CLANG_WARN_DOCUMENTATION_COMMENTS = YES;
				CLANG_WARN_EMPTY_BODY = YES;
				CLANG_WARN_ENUM_CONVERSION = YES;
				CLANG_WARN_INFINITE_RECURSION = YES;
				CLANG_WARN_INT_CONVERSION = YES;
				CLANG_WARN_NON_LITERAL_NULL_CONVERSION = YES;
				CLANG_WARN_OBJC_IMPLICIT_RETAIN_SELF = YES;
				CLANG_WARN_OBJC_LITERAL_CONVERSION = YES;
				CLANG_WARN_OBJC_ROOT_CLASS = YES_ERROR;
				CLANG_WARN_RANGE_LOOP_ANALYSIS = YES;
				CLANG_WARN_STRICT_PROTOTYPES = YES;
				CLANG_WARN_SUSPICIOUS_MOVE = YES;
				CLANG_WARN_UNGUARDED_AVAILABILITY = YES_AGGRESSIVE;
				CLANG_WARN_UNREACHABLE_CODE = YES;
				CLANG_WARN__DUPLICATE_METHOD_MATCH = YES;
				CODE_SIGN_IDENTITY = "iPhone Developer";
				COPY_PHASE_STRIP = NO;
				DEBUG_INFORMATION_FORMAT = dwarf;
				ENABLE_STRICT_OBJC_MSGSEND = YES;
				ENABLE_TESTABILITY = YES;
				GCC_C_LANGUAGE_STANDARD = gnu11;
				GCC_DYNAMIC_NO_PIC = NO;
				GCC_NO_COMMON_BLOCKS = YES;
				GCC_OPTIMIZATION_LEVEL = 0;
				GCC_PREPROCESSOR_DEFINITIONS = (
					"DEBUG=1",
					"$(inherited)",
				);
				GCC_WARN_64_TO_32_BIT_CONVERSION = YES;
				GCC_WARN_ABOUT_RETURN_TYPE = YES_ERROR;
				GCC_WARN_UNDECLARED_SELECTOR = YES;
				GCC_WARN_UNINITIALIZED_AUTOS = YES_AGGRESSIVE;
				GCC_WARN_UNUSED_FUNCTION = YES;
				GCC_WARN_UNUSED_VARIABLE = YES;
				IPHONEOS_DEPLOYMENT_TARGET = 11.3;
				MTL_ENABLE_DEBUG_INFO = YES;
				ONLY_ACTIVE_ARCH = YES;
				SDKROOT = iphoneos;
				SWIFT_ACTIVE_COMPILATION_CONDITIONS = DEBUG;
				SWIFT_OPTIMIZATION_LEVEL = "-Onone";
			};
			name = Debug;
		};
		FAA9DC0220A6CA59002B3F36 /* Release */ = {
			isa = XCBuildConfiguration;
			buildSettings = {
				ALWAYS_SEARCH_USER_PATHS = NO;
				CLANG_ANALYZER_NONNULL = YES;
				CLANG_ANALYZER_NUMBER_OBJECT_CONVERSION = YES_AGGRESSIVE;
				CLANG_CXX_LANGUAGE_STANDARD = "gnu++14";
				CLANG_CXX_LIBRARY = "libc++";
				CLANG_ENABLE_MODULES = YES;
				CLANG_ENABLE_OBJC_ARC = YES;
				CLANG_ENABLE_OBJC_WEAK = YES;
				CLANG_WARN_BLOCK_CAPTURE_AUTORELEASING = YES;
				CLANG_WARN_BOOL_CONVERSION = YES;
				CLANG_WARN_COMMA = YES;
				CLANG_WARN_CONSTANT_CONVERSION = YES;
				CLANG_WARN_DEPRECATED_OBJC_IMPLEMENTATIONS = YES;
				CLANG_WARN_DIRECT_OBJC_ISA_USAGE = YES_ERROR;
				CLANG_WARN_DOCUMENTATION_COMMENTS = YES;
				CLANG_WARN_EMPTY_BODY = YES;
				CLANG_WARN_ENUM_CONVERSION = YES;
				CLANG_WARN_INFINITE_RECURSION = YES;
				CLANG_WARN_INT_CONVERSION = YES;
				CLANG_WARN_NON_LITERAL_NULL_CONVERSION = YES;
				CLANG_WARN_OBJC_IMPLICIT_RETAIN_SELF = YES;
				CLANG_WARN_OBJC_LITERAL_CONVERSION = YES;
				CLANG_WARN_OBJC_ROOT_CLASS = YES_ERROR;
				CLANG_WARN_RANGE_LOOP_ANALYSIS = YES;
				CLANG_WARN_STRICT_PROTOTYPES = YES;
				CLANG_WARN_SUSPICIOUS_MOVE = YES;
				CLANG_WARN_UNGUARDED_AVAILABILITY = YES_AGGRESSIVE;
				CLANG_WARN_UNREACHABLE_CODE = YES;
				CLANG_WARN__DUPLICATE_METHOD_MATCH = YES;
				CODE_SIGN_IDENTITY = "iPhone Developer";
				COPY_PHASE_STRIP = NO;
				DEBUG_INFORMATION_FORMAT = "dwarf-with-dsym";
				ENABLE_NS_ASSERTIONS = NO;
				ENABLE_STRICT_OBJC_MSGSEND = YES;
				GCC_C_LANGUAGE_STANDARD = gnu11;
				GCC_NO_COMMON_BLOCKS = YES;
				GCC_WARN_64_TO_32_BIT_CONVERSION = YES;
				GCC_WARN_ABOUT_RETURN_TYPE = YES_ERROR;
				GCC_WARN_UNDECLARED_SELECTOR = YES;
				GCC_WARN_UNINITIALIZED_AUTOS = YES_AGGRESSIVE;
				GCC_WARN_UNUSED_FUNCTION = YES;
				GCC_WARN_UNUSED_VARIABLE = YES;
				IPHONEOS_DEPLOYMENT_TARGET = 11.3;
				MTL_ENABLE_DEBUG_INFO = NO;
				SDKROOT = iphoneos;
				SWIFT_COMPILATION_MODE = wholemodule;
				SWIFT_OPTIMIZATION_LEVEL = "-O";
				VALIDATE_PRODUCT = YES;
			};
			name = Release;
		};
		FAA9DC0420A6CA59002B3F36 /* Debug */ = {
			isa = XCBuildConfiguration;
			buildSettings = {
				ASSETCATALOG_COMPILER_APPICON_NAME = AppIcon;
				CODE_SIGN_STYLE = Automatic;
				INFOPLIST_FILE = matematica_3/Info.plist;
				IPHONEOS_DEPLOYMENT_TARGET = 11.0;
				LD_RUNPATH_SEARCH_PATHS = (
					"$(inherited)",
					"@executable_path/Frameworks",
				);
				PRODUCT_BUNDLE_IDENTIFIER = "calsse-4AI.matematica-3";
				PRODUCT_NAME = "$(TARGET_NAME)";
				SWIFT_VERSION = 4.0;
				TARGETED_DEVICE_FAMILY = 2;
			};
			name = Debug;
		};
		FAA9DC0520A6CA59002B3F36 /* Release */ = {
			isa = XCBuildConfiguration;
			buildSettings = {
				ASSETCATALOG_COMPILER_APPICON_NAME = AppIcon;
				CODE_SIGN_STYLE = Automatic;
				INFOPLIST_FILE = matematica_3/Info.plist;
				IPHONEOS_DEPLOYMENT_TARGET = 11.0;
				LD_RUNPATH_SEARCH_PATHS = (
					"$(inherited)",
					"@executable_path/Frameworks",
				);
				PRODUCT_BUNDLE_IDENTIFIER = "calsse-4AI.matematica-3";
				PRODUCT_NAME = "$(TARGET_NAME)";
				SWIFT_VERSION = 4.0;
				TARGETED_DEVICE_FAMILY = 2;
			};
			name = Release;
		};
		FAA9DC0720A6CA59002B3F36 /* Debug */ = {
			isa = XCBuildConfiguration;
			buildSettings = {
				ALWAYS_EMBED_SWIFT_STANDARD_LIBRARIES = YES;
				BUNDLE_LOADER = "$(TEST_HOST)";
				CODE_SIGN_STYLE = Automatic;
				INFOPLIST_FILE = matematica_3Tests/Info.plist;
				LD_RUNPATH_SEARCH_PATHS = (
					"$(inherited)",
					"@executable_path/Frameworks",
					"@loader_path/Frameworks",
				);
				PRODUCT_BUNDLE_IDENTIFIER = "calsse-4AI.matematica-3Tests";
				PRODUCT_NAME = "$(TARGET_NAME)";
				SWIFT_VERSION = 4.0;
				TARGETED_DEVICE_FAMILY = "1,2";
				TEST_HOST = "$(BUILT_PRODUCTS_DIR)/matematica_3.app/matematica_3";
			};
			name = Debug;
		};
		FAA9DC0820A6CA59002B3F36 /* Release */ = {
			isa = XCBuildConfiguration;
			buildSettings = {
				ALWAYS_EMBED_SWIFT_STANDARD_LIBRARIES = YES;
				BUNDLE_LOADER = "$(TEST_HOST)";
				CODE_SIGN_STYLE = Automatic;
				INFOPLIST_FILE = matematica_3Tests/Info.plist;
				LD_RUNPATH_SEARCH_PATHS = (
					"$(inherited)",
					"@executable_path/Frameworks",
					"@loader_path/Frameworks",
				);
				PRODUCT_BUNDLE_IDENTIFIER = "calsse-4AI.matematica-3Tests";
				PRODUCT_NAME = "$(TARGET_NAME)";
				SWIFT_VERSION = 4.0;
				TARGETED_DEVICE_FAMILY = "1,2";
				TEST_HOST = "$(BUILT_PRODUCTS_DIR)/matematica_3.app/matematica_3";
			};
			name = Release;
		};
		FAA9DC0A20A6CA59002B3F36 /* Debug */ = {
			isa = XCBuildConfiguration;
			buildSettings = {
				ALWAYS_EMBED_SWIFT_STANDARD_LIBRARIES = YES;
				CODE_SIGN_STYLE = Automatic;
				INFOPLIST_FILE = matematica_3UITests/Info.plist;
				LD_RUNPATH_SEARCH_PATHS = (
					"$(inherited)",
					"@executable_path/Frameworks",
					"@loader_path/Frameworks",
				);
				PRODUCT_BUNDLE_IDENTIFIER = "calsse-4AI.matematica-3UITests";
				PRODUCT_NAME = "$(TARGET_NAME)";
				SWIFT_VERSION = 4.0;
				TARGETED_DEVICE_FAMILY = "1,2";
				TEST_TARGET_NAME = matematica_3;
			};
			name = Debug;
		};
		FAA9DC0B20A6CA59002B3F36 /* Release */ = {
			isa = XCBuildConfiguration;
			buildSettings = {
				ALWAYS_EMBED_SWIFT_STANDARD_LIBRARIES = YES;
				CODE_SIGN_STYLE = Automatic;
				INFOPLIST_FILE = matematica_3UITests/Info.plist;
				LD_RUNPATH_SEARCH_PATHS = (
					"$(inherited)",
					"@executable_path/Frameworks",
					"@loader_path/Frameworks",
				);
				PRODUCT_BUNDLE_IDENTIFIER = "calsse-4AI.matematica-3UITests";
				PRODUCT_NAME = "$(TARGET_NAME)";
				SWIFT_VERSION = 4.0;
				TARGETED_DEVICE_FAMILY = "1,2";
				TEST_TARGET_NAME = matematica_3;
			};
			name = Release;
		};
/* End XCBuildConfiguration section */

/* Begin XCConfigurationList section */
		FAA9DBD620A6CA57002B3F36 /* Build configuration list for PBXProject "matematica_3" */ = {
			isa = XCConfigurationList;
			buildConfigurations = (
				FAA9DC0120A6CA59002B3F36 /* Debug */,
				FAA9DC0220A6CA59002B3F36 /* Release */,
			);
			defaultConfigurationIsVisible = 0;
			defaultConfigurationName = Release;
		};
		FAA9DC0320A6CA59002B3F36 /* Build configuration list for PBXNativeTarget "matematica_3" */ = {
			isa = XCConfigurationList;
			buildConfigurations = (
				FAA9DC0420A6CA59002B3F36 /* Debug */,
				FAA9DC0520A6CA59002B3F36 /* Release */,
			);
			defaultConfigurationIsVisible = 0;
			defaultConfigurationName = Release;
		};
		FAA9DC0620A6CA59002B3F36 /* Build configuration list for PBXNativeTarget "matematica_3Tests" */ = {
			isa = XCConfigurationList;
			buildConfigurations = (
				FAA9DC0720A6CA59002B3F36 /* Debug */,
				FAA9DC0820A6CA59002B3F36 /* Release */,
			);
			defaultConfigurationIsVisible = 0;
			defaultConfigurationName = Release;
		};
		FAA9DC0920A6CA59002B3F36 /* Build configuration list for PBXNativeTarget "matematica_3UITests" */ = {
			isa = XCConfigurationList;
			buildConfigurations = (
				FAA9DC0A20A6CA59002B3F36 /* Debug */,
				FAA9DC0B20A6CA59002B3F36 /* Release */,
			);
			defaultConfigurationIsVisible = 0;
			defaultConfigurationName = Release;
		};
/* End XCConfigurationList section */
	};
	rootObject = FAA9DBD320A6CA57002B3F36 /* Project object */;
}
