// !$*UTF8*$!
{
	archiveVersion = 1;
	classes = {
	};
	objectVersion = 50;
	objects = {

/* Begin PBXBuildFile section */
		D53E6414210E257A00BA0858 /* AppDelegate.swift in Sources */ = {isa = PBXBuildFile; fileRef = D53E6413210E257A00BA0858 /* AppDelegate.swift */; };
		D53E6416210E257A00BA0858 /* Barbiero-Bazan-ViewController.swift in Sources */ = {isa = PBXBuildFile; fileRef = D53E6415210E257A00BA0858 /* Barbiero-Bazan-ViewController.swift */; };
		D53E6419210E257A00BA0858 /* Barbiero-Bazan.storyboard in Resources */ = {isa = PBXBuildFile; fileRef = D53E6417210E257A00BA0858 /* Barbiero-Bazan.storyboard */; };
		D53E641B210E257B00BA0858 /* Assets.xcassets in Resources */ = {isa = PBXBuildFile; fileRef = D53E641A210E257B00BA0858 /* Assets.xcassets */; };
		D53E641E210E257B00BA0858 /* LaunchScreen.storyboard in Resources */ = {isa = PBXBuildFile; fileRef = D53E641C210E257B00BA0858 /* LaunchScreen.storyboard */; };
/* End PBXBuildFile section */

/* Begin PBXFileReference section */
		D53E6410210E257A00BA0858 /* Barbiero-Bazan.app */ = {isa = PBXFileReference; explicitFileType = wrapper.application; includeInIndex = 0; path = "Barbiero-Bazan.app"; sourceTree = BUILT_PRODUCTS_DIR; };
		D53E6413210E257A00BA0858 /* AppDelegate.swift */ = {isa = PBXFileReference; lastKnownFileType = sourcecode.swift; path = AppDelegate.swift; sourceTree = "<group>"; };
		D53E6415210E257A00BA0858 /* Barbiero-Bazan-ViewController.swift */ = {isa = PBXFileReference; lastKnownFileType = sourcecode.swift; path = "Barbiero-Bazan-ViewController.swift"; sourceTree = "<group>"; };
		D53E6418210E257A00BA0858 /* Base */ = {isa = PBXFileReference; lastKnownFileType = file.storyboard; name = Base; path = "Base.lproj/Barbiero-Bazan.storyboard"; sourceTree = "<group>"; };
		D53E641A210E257B00BA0858 /* Assets.xcassets */ = {isa = PBXFileReference; lastKnownFileType = folder.assetcatalog; path = Assets.xcassets; sourceTree = "<group>"; };
		D53E641D210E257B00BA0858 /* Base */ = {isa = PBXFileReference; lastKnownFileType = file.storyboard; name = Base; path = Base.lproj/LaunchScreen.storyboard; sourceTree = "<group>"; };
		D53E641F210E257B00BA0858 /* Info.plist */ = {isa = PBXFileReference; lastKnownFileType = text.plist.xml; path = Info.plist; sourceTree = "<group>"; };
/* End PBXFileReference section */

/* Begin PBXFrameworksBuildPhase section */
		D53E640D210E257A00BA0858 /* Frameworks */ = {
			isa = PBXFrameworksBuildPhase;
			buildActionMask = 2147483647;
			files = (
			);
			runOnlyForDeploymentPostprocessing = 0;
		};
/* End PBXFrameworksBuildPhase section */

/* Begin PBXGroup section */
		D53E6407210E257A00BA0858 = {
			isa = PBXGroup;
			children = (
				D53E6412210E257A00BA0858 /* Barbiero-Bazan */,
				D53E6411210E257A00BA0858 /* Products */,
			);
			sourceTree = "<group>";
		};
		D53E6411210E257A00BA0858 /* Products */ = {
			isa = PBXGroup;
			children = (
				D53E6410210E257A00BA0858 /* Barbiero-Bazan.app */,
			);
			name = Products;
			sourceTree = "<group>";
		};
		D53E6412210E257A00BA0858 /* Barbiero-Bazan */ = {
			isa = PBXGroup;
			children = (
				D53E6425210E2B8B00BA0858 /* images */,
				D53E6413210E257A00BA0858 /* AppDelegate.swift */,
				D53E6415210E257A00BA0858 /* Barbiero-Bazan-ViewController.swift */,
				D53E6417210E257A00BA0858 /* Barbiero-Bazan.storyboard */,
				D53E641A210E257B00BA0858 /* Assets.xcassets */,
				D53E641C210E257B00BA0858 /* LaunchScreen.storyboard */,
				D53E641F210E257B00BA0858 /* Info.plist */,
			);
			path = "Barbiero-Bazan";
			sourceTree = "<group>";
		};
		D53E6425210E2B8B00BA0858 /* images */ = {
			isa = PBXGroup;
			children = (
			);
			path = images;
			sourceTree = "<group>";
		};
/* End PBXGroup section */

/* Begin PBXNativeTarget section */
		D53E640F210E257A00BA0858 /* Barbiero-Bazan */ = {
			isa = PBXNativeTarget;
			buildConfigurationList = D53E6422210E257B00BA0858 /* Build configuration list for PBXNativeTarget "Barbiero-Bazan" */;
			buildPhases = (
				D53E640C210E257A00BA0858 /* Sources */,
				D53E640D210E257A00BA0858 /* Frameworks */,
				D53E640E210E257A00BA0858 /* Resources */,
			);
			buildRules = (
			);
			dependencies = (
			);
			name = "Barbiero-Bazan";
			productName = "Barbiero-Bazan";
			productReference = D53E6410210E257A00BA0858 /* Barbiero-Bazan.app */;
			productType = "com.apple.product-type.application";
		};
/* End PBXNativeTarget section */

/* Begin PBXProject section */
		D53E6408210E257A00BA0858 /* Project object */ = {
			isa = PBXProject;
			attributes = {
				LastSwiftUpdateCheck = 0940;
				LastUpgradeCheck = 0940;
				ORGANIZATIONNAME = "Giovanni Barbiero";
				TargetAttributes = {
					D53E640F210E257A00BA0858 = {
						CreatedOnToolsVersion = 9.4.1;
					};
				};
			};
			buildConfigurationList = D53E640B210E257A00BA0858 /* Build configuration list for PBXProject "Barbiero-Bazan" */;
			compatibilityVersion = "Xcode 9.3";
			developmentRegion = en;
			hasScannedForEncodings = 0;
			knownRegions = (
				en,
				Base,
			);
			mainGroup = D53E6407210E257A00BA0858;
			productRefGroup = D53E6411210E257A00BA0858 /* Products */;
			projectDirPath = "";
			projectRoot = "";
			targets = (
				D53E640F210E257A00BA0858 /* Barbiero-Bazan */,
			);
		};
/* End PBXProject section */

/* Begin PBXResourcesBuildPhase section */
		D53E640E210E257A00BA0858 /* Resources */ = {
			isa = PBXResourcesBuildPhase;
			buildActionMask = 2147483647;
			files = (
				D53E641E210E257B00BA0858 /* LaunchScreen.storyboard in Resources */,
				D53E641B210E257B00BA0858 /* Assets.xcassets in Resources */,
				D53E6419210E257A00BA0858 /* Barbiero-Bazan.storyboard in Resources */,
			);
			runOnlyForDeploymentPostprocessing = 0;
		};
/* End PBXResourcesBuildPhase section */

/* Begin PBXSourcesBuildPhase section */
		D53E640C210E257A00BA0858 /* Sources */ = {
			isa = PBXSourcesBuildPhase;
			buildActionMask = 2147483647;
			files = (
				D53E6416210E257A00BA0858 /* Barbiero-Bazan-ViewController.swift in Sources */,
				D53E6414210E257A00BA0858 /* AppDelegate.swift in Sources */,
			);
			runOnlyForDeploymentPostprocessing = 0;
		};
/* End PBXSourcesBuildPhase section */

/* Begin PBXVariantGroup section */
		D53E6417210E257A00BA0858 /* Barbiero-Bazan.storyboard */ = {
			isa = PBXVariantGroup;
			children = (
				D53E6418210E257A00BA0858 /* Base */,
			);
			name = "Barbiero-Bazan.storyboard";
			sourceTree = "<group>";
		};
		D53E641C210E257B00BA0858 /* LaunchScreen.storyboard */ = {
			isa = PBXVariantGroup;
			children = (
				D53E641D210E257B00BA0858 /* Base */,
			);
			name = LaunchScreen.storyboard;
			sourceTree = "<group>";
		};
/* End PBXVariantGroup section */

/* Begin XCBuildConfiguration section */
		D53E6420210E257B00BA0858 /* Debug */ = {
			isa = XCBuildConfiguration;
			buildSettings = {
				ALWAYS_SEARCH_USER_PATHS = NO;
				CLANG_ANALYZER_NONNULL = YES;
				CLANG_ANALYZER_NUMBER_OBJECT_CONVERSION = YES_AGGRESSIVE;
				CLANG_CXX_LANGUAGE_STANDARD = "gnu++14";
				CLANG_CXX_LIBRARY = "libc++";
				CLANG_ENABLE_MODULES = YES;
				CLANG_ENABLE_OBJC_ARC = YES;
				CLANG_ENABLE_OBJC_WEAK = YES;
				CLANG_WARN_BLOCK_CAPTURE_AUTORELEASING = YES;
				CLANG_WARN_BOOL_CONVERSION = YES;
				CLANG_WARN_COMMA = YES;
				CLANG_WARN_CONSTANT_CONVERSION = YES;
				CLANG_WARN_DEPRECATED_OBJC_IMPLEMENTATIONS = YES;
				CLANG_WARN_DIRECT_OBJC_ISA_USAGE = YES_ERROR;
				CLANG_WARN_DOCUMENTATION_COMMENTS = YES;
				CLANG_WARN_EMPTY_BODY = YES;
				CLANG_WARN_ENUM_CONVERSION = YES;
				CLANG_WARN_INFINITE_RECURSION = YES;
				CLANG_WARN_INT_CONVERSION = YES;
				CLANG_WARN_NON_LITERAL_NULL_CONVERSION = YES;
				CLANG_WARN_OBJC_IMPLICIT_RETAIN_SELF = YES;
				CLANG_WARN_OBJC_LITERAL_CONVERSION = YES;
				CLANG_WARN_OBJC_ROOT_CLASS = YES_ERROR;
				CLANG_WARN_RANGE_LOOP_ANALYSIS = YES;
				CLANG_WARN_STRICT_PROTOTYPES = YES;
				CLANG_WARN_SUSPICIOUS_MOVE = YES;
				CLANG_WARN_UNGUARDED_AVAILABILITY = YES_AGGRESSIVE;
				CLANG_WARN_UNREACHABLE_CODE = YES;
				CLANG_WARN__DUPLICATE_METHOD_MATCH = YES;
				CODE_SIGN_IDENTITY = "iPhone Developer";
				COPY_PHASE_STRIP = NO;
				DEBUG_INFORMATION_FORMAT = dwarf;
				ENABLE_STRICT_OBJC_MSGSEND = YES;
				ENABLE_TESTABILITY = YES;
				GCC_C_LANGUAGE_STANDARD = gnu11;
				GCC_DYNAMIC_NO_PIC = NO;
				GCC_NO_COMMON_BLOCKS = YES;
				GCC_OPTIMIZATION_LEVEL = 0;
				GCC_PREPROCESSOR_DEFINITIONS = (
					"DEBUG=1",
					"$(inherited)",
				);
				GCC_WARN_64_TO_32_BIT_CONVERSION = YES;
				GCC_WARN_ABOUT_RETURN_TYPE = YES_ERROR;
				GCC_WARN_UNDECLARED_SELECTOR = YES;
				GCC_WARN_UNINITIALIZED_AUTOS = YES_AGGRESSIVE;
				GCC_WARN_UNUSED_FUNCTION = YES;
				GCC_WARN_UNUSED_VARIABLE = YES;
				IPHONEOS_DEPLOYMENT_TARGET = 11.4;
				MTL_ENABLE_DEBUG_INFO = YES;
				ONLY_ACTIVE_ARCH = YES;
				SDKROOT = iphoneos;
				SWIFT_ACTIVE_COMPILATION_CONDITIONS = DEBUG;
				SWIFT_OPTIMIZATION_LEVEL = "-Onone";
			};
			name = Debug;
		};
		D53E6421210E257B00BA0858 /* Release */ = {
			isa = XCBuildConfiguration;
			buildSettings = {
				ALWAYS_SEARCH_USER_PATHS = NO;
				CLANG_ANALYZER_NONNULL = YES;
				CLANG_ANALYZER_NUMBER_OBJECT_CONVERSION = YES_AGGRESSIVE;
				CLANG_CXX_LANGUAGE_STANDARD = "gnu++14";
				CLANG_CXX_LIBRARY = "libc++";
				CLANG_ENABLE_MODULES = YES;
				CLANG_ENABLE_OBJC_ARC = YES;
				CLANG_ENABLE_OBJC_WEAK = YES;
				CLANG_WARN_BLOCK_CAPTURE_AUTORELEASING = YES;
				CLANG_WARN_BOOL_CONVERSION = YES;
				CLANG_WARN_COMMA = YES;
				CLANG_WARN_CONSTANT_CONVERSION = YES;
				CLANG_WARN_DEPRECATED_OBJC_IMPLEMENTATIONS = YES;
				CLANG_WARN_DIRECT_OBJC_ISA_USAGE = YES_ERROR;
				CLANG_WARN_DOCUMENTATION_COMMENTS = YES;
				CLANG_WARN_EMPTY_BODY = YES;
				CLANG_WARN_ENUM_CONVERSION = YES;
				CLANG_WARN_INFINITE_RECURSION = YES;
				CLANG_WARN_INT_CONVERSION = YES;
				CLANG_WARN_NON_LITERAL_NULL_CONVERSION = YES;
				CLANG_WARN_OBJC_IMPLICIT_RETAIN_SELF = YES;
				CLANG_WARN_OBJC_LITERAL_CONVERSION = YES;
				CLANG_WARN_OBJC_ROOT_CLASS = YES_ERROR;
				CLANG_WARN_RANGE_LOOP_ANALYSIS = YES;
				CLANG_WARN_STRICT_PROTOTYPES = YES;
				CLANG_WARN_SUSPICIOUS_MOVE = YES;
				CLANG_WARN_UNGUARDED_AVAILABILITY = YES_AGGRESSIVE;
				CLANG_WARN_UNREACHABLE_CODE = YES;
				CLANG_WARN__DUPLICATE_METHOD_MATCH = YES;
				CODE_SIGN_IDENTITY = "iPhone Developer";
				COPY_PHASE_STRIP = NO;
				DEBUG_INFORMATION_FORMAT = "dwarf-with-dsym";
				ENABLE_NS_ASSERTIONS = NO;
				ENABLE_STRICT_OBJC_MSGSEND = YES;
				GCC_C_LANGUAGE_STANDARD = gnu11;
				GCC_NO_COMMON_BLOCKS = YES;
				GCC_WARN_64_TO_32_BIT_CONVERSION = YES;
				GCC_WARN_ABOUT_RETURN_TYPE = YES_ERROR;
				GCC_WARN_UNDECLARED_SELECTOR = YES;
				GCC_WARN_UNINITIALIZED_AUTOS = YES_AGGRESSIVE;
				GCC_WARN_UNUSED_FUNCTION = YES;
				GCC_WARN_UNUSED_VARIABLE = YES;
				IPHONEOS_DEPLOYMENT_TARGET = 11.4;
				MTL_ENABLE_DEBUG_INFO = NO;
				SDKROOT = iphoneos;
				SWIFT_COMPILATION_MODE = wholemodule;
				SWIFT_OPTIMIZATION_LEVEL = "-O";
				VALIDATE_PRODUCT = YES;
			};
			name = Release;
		};
		D53E6423210E257B00BA0858 /* Debug */ = {
			isa = XCBuildConfiguration;
			buildSettings = {
				ASSETCATALOG_COMPILER_APPICON_NAME = AppIcon;
				CODE_SIGN_STYLE = Automatic;
				DEVELOPMENT_TEAM = PGP9D9THZX;
				INFOPLIST_FILE = "Barbiero-Bazan/Info.plist";
				LD_RUNPATH_SEARCH_PATHS = (
					"$(inherited)",
					"@executable_path/Frameworks",
				);
				PRODUCT_BUNDLE_IDENTIFIER = "com.gbcorporation.tk.Barbiero-Bazan";
				PRODUCT_NAME = "$(TARGET_NAME)";
				SWIFT_VERSION = 4.0;
				TARGETED_DEVICE_FAMILY = 2;
			};
			name = Debug;
		};
		D53E6424210E257B00BA0858 /* Release */ = {
			isa = XCBuildConfiguration;
			buildSettings = {
				ASSETCATALOG_COMPILER_APPICON_NAME = AppIcon;
				CODE_SIGN_STYLE = Automatic;
				DEVELOPMENT_TEAM = PGP9D9THZX;
				INFOPLIST_FILE = "Barbiero-Bazan/Info.plist";
				LD_RUNPATH_SEARCH_PATHS = (
					"$(inherited)",
					"@executable_path/Frameworks",
				);
				PRODUCT_BUNDLE_IDENTIFIER = "com.gbcorporation.tk.Barbiero-Bazan";
				PRODUCT_NAME = "$(TARGET_NAME)";
				SWIFT_VERSION = 4.0;
				TARGETED_DEVICE_FAMILY = 2;
			};
			name = Release;
		};
/* End XCBuildConfiguration section */

/* Begin XCConfigurationList section */
		D53E640B210E257A00BA0858 /* Build configuration list for PBXProject "Barbiero-Bazan" */ = {
			isa = XCConfigurationList;
			buildConfigurations = (
				D53E6420210E257B00BA0858 /* Debug */,
				D53E6421210E257B00BA0858 /* Release */,
			);
			defaultConfigurationIsVisible = 0;
			defaultConfigurationName = Release;
		};
		D53E6422210E257B00BA0858 /* Build configuration list for PBXNativeTarget "Barbiero-Bazan" */ = {
			isa = XCConfigurationList;
			buildConfigurations = (
				D53E6423210E257B00BA0858 /* Debug */,
				D53E6424210E257B00BA0858 /* Release */,
			);
			defaultConfigurationIsVisible = 0;
			defaultConfigurationName = Release;
		};
/* End XCConfigurationList section */
	};
	rootObject = D53E6408210E257A00BA0858 /* Project object */;
}
